// !$*UTF8*$!
{
	archiveVersion = 1;
	classes = {
	};
	objectVersion = 46;
	objects = {

/* Begin PBXBuildFile section */
		790040EC1CC9CC8F00D291C3 /* WKSubjectViewController.m in Sources */ = {isa = PBXBuildFile; fileRef = 790040EA1CC9CC8F00D291C3 /* WKSubjectViewController.m */; };
		790040ED1CC9CC8F00D291C3 /* WKSubjectViewController.xib in Resources */ = {isa = PBXBuildFile; fileRef = 790040EB1CC9CC8F00D291C3 /* WKSubjectViewController.xib */; };
		7907618C1CC654020097EF89 /* WKWorldView.m in Sources */ = {isa = PBXBuildFile; fileRef = 7907618B1CC654020097EF89 /* WKWorldView.m */; };
		7907618F1CC654170097EF89 /* WKWorldListModel.m in Sources */ = {isa = PBXBuildFile; fileRef = 7907618E1CC654170097EF89 /* WKWorldListModel.m */; };
		790761921CC6544A0097EF89 /* WKNavigtionBar.m in Sources */ = {isa = PBXBuildFile; fileRef = 790761911CC6544A0097EF89 /* WKNavigtionBar.m */; };
		790761951CC6545E0097EF89 /* WKRecommendListModel.m in Sources */ = {isa = PBXBuildFile; fileRef = 790761941CC6545E0097EF89 /* WKRecommendListModel.m */; };
		790761981CC6546F0097EF89 /* WKRecommendView.m in Sources */ = {isa = PBXBuildFile; fileRef = 790761971CC6546F0097EF89 /* WKRecommendView.m */; };
		7907619D1CC65D890097EF89 /* UIBarButtonItem+WKExtension.m in Sources */ = {isa = PBXBuildFile; fileRef = 7907619C1CC65D890097EF89 /* UIBarButtonItem+WKExtension.m */; };
		790761A01CC66DF30097EF89 /* WKCollectionCell.m in Sources */ = {isa = PBXBuildFile; fileRef = 7907619F1CC66DF30097EF89 /* WKCollectionCell.m */; };
		790761A21CC66E0C0097EF89 /* WKCollectionCell.xib in Resources */ = {isa = PBXBuildFile; fileRef = 790761A11CC66E0C0097EF89 /* WKCollectionCell.xib */; };
		7914E35D1CC773BF001A0C5F /* WKforeignViewController.m in Sources */ = {isa = PBXBuildFile; fileRef = 7914E35C1CC773BF001A0C5F /* WKforeignViewController.m */; };
		7914E3601CC773EA001A0C5F /* WKInlandViewController.m in Sources */ = {isa = PBXBuildFile; fileRef = 7914E35F1CC773EA001A0C5F /* WKInlandViewController.m */; };
		7914E3631CC77A1B001A0C5F /* UIView+WKCustom.m in Sources */ = {isa = PBXBuildFile; fileRef = 7914E3621CC77A1B001A0C5F /* UIView+WKCustom.m */; };
		791C35DD1CC774DF00FFC596 /* WKMyCollectionViewController.m in Sources */ = {isa = PBXBuildFile; fileRef = 791C35DB1CC774DF00FFC596 /* WKMyCollectionViewController.m */; };
		791C35DE1CC774DF00FFC596 /* WKMyCollectionViewController.xib in Resources */ = {isa = PBXBuildFile; fileRef = 791C35DC1CC774DF00FFC596 /* WKMyCollectionViewController.xib */; };
		791C35E21CC7750E00FFC596 /* WKAboutUsViewController.m in Sources */ = {isa = PBXBuildFile; fileRef = 791C35E01CC7750E00FFC596 /* WKAboutUsViewController.m */; };
		791C35E31CC7750E00FFC596 /* WKAboutUsViewController.xib in Resources */ = {isa = PBXBuildFile; fileRef = 791C35E11CC7750E00FFC596 /* WKAboutUsViewController.xib */; };
		791C36291CC7BF0500FFC596 /* WKLoginAndRegistViewController.m in Sources */ = {isa = PBXBuildFile; fileRef = 791C36271CC7BF0500FFC596 /* WKLoginAndRegistViewController.m */; };
		791C362A1CC7BF0500FFC596 /* WKLoginAndRegistViewController.xib in Resources */ = {isa = PBXBuildFile; fileRef = 791C36281CC7BF0500FFC596 /* WKLoginAndRegistViewController.xib */; };
		791DA50D1CC725B1009D9093 /* WKRecommendCollectionViewCell.m in Sources */ = {isa = PBXBuildFile; fileRef = 791DA50B1CC725B1009D9093 /* WKRecommendCollectionViewCell.m */; };
		791DA50E1CC725B1009D9093 /* WKRecommendCollectionViewCell.xib in Resources */ = {isa = PBXBuildFile; fileRef = 791DA50C1CC725B1009D9093 /* WKRecommendCollectionViewCell.xib */; };
		791DA51C1CC769F9009D9093 /* WKRecommendStoryViewController.m in Sources */ = {isa = PBXBuildFile; fileRef = 791DA51A1CC769F9009D9093 /* WKRecommendStoryViewController.m */; };
		791DA51D1CC769F9009D9093 /* WKRecommendStoryViewController.xib in Resources */ = {isa = PBXBuildFile; fileRef = 791DA51B1CC769F9009D9093 /* WKRecommendStoryViewController.xib */; };
		791DA5211CC76A0F009D9093 /* WKRecommendNotesViewController.m in Sources */ = {isa = PBXBuildFile; fileRef = 791DA51F1CC76A0F009D9093 /* WKRecommendNotesViewController.m */; };
		791DA5221CC76A0F009D9093 /* WKRecommendNotesViewController.xib in Resources */ = {isa = PBXBuildFile; fileRef = 791DA5201CC76A0F009D9093 /* WKRecommendNotesViewController.xib */; };
		791DA5261CC77B52009D9093 /* WKStoryListTableViewCell.m in Sources */ = {isa = PBXBuildFile; fileRef = 791DA5241CC77B52009D9093 /* WKStoryListTableViewCell.m */; };
		791DA5271CC77B52009D9093 /* WKStoryListTableViewCell.xib in Resources */ = {isa = PBXBuildFile; fileRef = 791DA5251CC77B52009D9093 /* WKStoryListTableViewCell.xib */; };
		791DA52A1CC77D40009D9093 /* WKStoryListHeadView.m in Sources */ = {isa = PBXBuildFile; fileRef = 791DA5291CC77D40009D9093 /* WKStoryListHeadView.m */; };
		791DA52C1CC77D5D009D9093 /* WKStoryListHeadView.xib in Resources */ = {isa = PBXBuildFile; fileRef = 791DA52B1CC77D5C009D9093 /* WKStoryListHeadView.xib */; };
		791DA5721CC7B695009D9093 /* WKNotesListTableViewCell.m in Sources */ = {isa = PBXBuildFile; fileRef = 791DA5701CC7B695009D9093 /* WKNotesListTableViewCell.m */; };
		791DA5731CC7B695009D9093 /* WKNotesListTableViewCell.xib in Resources */ = {isa = PBXBuildFile; fileRef = 791DA5711CC7B695009D9093 /* WKNotesListTableViewCell.xib */; };
		791DA5761CC7BB64009D9093 /* WKNotesListHeadView.m in Sources */ = {isa = PBXBuildFile; fileRef = 791DA5751CC7BB64009D9093 /* WKNotesListHeadView.m */; };
		793035281CC687BA003E5491 /* WKListTableViewCell.m in Sources */ = {isa = PBXBuildFile; fileRef = 793035261CC687BA003E5491 /* WKListTableViewCell.m */; };
		793035291CC687BA003E5491 /* WKListTableViewCell.xib in Resources */ = {isa = PBXBuildFile; fileRef = 793035271CC687BA003E5491 /* WKListTableViewCell.xib */; };
		7930352C1CC68857003E5491 /* WKCycleScrollView.m in Sources */ = {isa = PBXBuildFile; fileRef = 7930352B1CC68857003E5491 /* WKCycleScrollView.m */; };
		7930352F1CC6886A003E5491 /* NSTimer+myTimer.m in Sources */ = {isa = PBXBuildFile; fileRef = 7930352E1CC6886A003E5491 /* NSTimer+myTimer.m */; };
		7931235E1CC8CDFE0052CDEE /* WKWorldDetailViewController.m in Sources */ = {isa = PBXBuildFile; fileRef = 7931235D1CC8CDFE0052CDEE /* WKWorldDetailViewController.m */; };
		793123621CC8D0C60052CDEE /* WKWorldDetailCell.m in Sources */ = {isa = PBXBuildFile; fileRef = 793123601CC8D0C60052CDEE /* WKWorldDetailCell.m */; };
		793123631CC8D0C60052CDEE /* WKWorldDetailCell.xib in Resources */ = {isa = PBXBuildFile; fileRef = 793123611CC8D0C60052CDEE /* WKWorldDetailCell.xib */; };
		793123661CC8D1DE0052CDEE /* WKWorldDetailModel.m in Sources */ = {isa = PBXBuildFile; fileRef = 793123651CC8D1DE0052CDEE /* WKWorldDetailModel.m */; };
		7939D9121CC9036800833B9E /* WKDarkLightMode.m in Sources */ = {isa = PBXBuildFile; fileRef = 7939D9111CC9036800833B9E /* WKDarkLightMode.m */; };
		793DBDC41CC6607A00A4E3CA /* WKMeHeadView.m in Sources */ = {isa = PBXBuildFile; fileRef = 793DBDC31CC6607A00A4E3CA /* WKMeHeadView.m */; };
		793DBDC61CC6609400A4E3CA /* WKMeHeadView.xib in Resources */ = {isa = PBXBuildFile; fileRef = 793DBDC51CC6609400A4E3CA /* WKMeHeadView.xib */; };
		79FAC48B1CC4E39F0068C093 /* main.m in Sources */ = {isa = PBXBuildFile; fileRef = 79FAC48A1CC4E39F0068C093 /* main.m */; };
		79FAC48E1CC4E39F0068C093 /* AppDelegate.m in Sources */ = {isa = PBXBuildFile; fileRef = 79FAC48D1CC4E39F0068C093 /* AppDelegate.m */; };
		79FAC4961CC4E39F0068C093 /* Assets.xcassets in Resources */ = {isa = PBXBuildFile; fileRef = 79FAC4951CC4E39F0068C093 /* Assets.xcassets */; };
		79FAC4991CC4E39F0068C093 /* LaunchScreen.storyboard in Resources */ = {isa = PBXBuildFile; fileRef = 79FAC4971CC4E39F0068C093 /* LaunchScreen.storyboard */; };
		79FAC4A41CC4E39F0068C093 /* WalkingTests.m in Sources */ = {isa = PBXBuildFile; fileRef = 79FAC4A31CC4E39F0068C093 /* WalkingTests.m */; };
		79FAC4AF1CC4E39F0068C093 /* WalkingUITests.m in Sources */ = {isa = PBXBuildFile; fileRef = 79FAC4AE1CC4E39F0068C093 /* WalkingUITests.m */; };
		79FAC4D41CC5328B0068C093 /* WKNavigationViewController.m in Sources */ = {isa = PBXBuildFile; fileRef = 79FAC4D31CC5328B0068C093 /* WKNavigationViewController.m */; };
		79FAC4D71CC5329A0068C093 /* WKTabBarViewController.m in Sources */ = {isa = PBXBuildFile; fileRef = 79FAC4D61CC5329A0068C093 /* WKTabBarViewController.m */; };
		79FAC4DB1CC533130068C093 /* WKRecommendViewController.m in Sources */ = {isa = PBXBuildFile; fileRef = 79FAC4D91CC533130068C093 /* WKRecommendViewController.m */; };
		79FAC4DC1CC533130068C093 /* WKRecommendViewController.xib in Resources */ = {isa = PBXBuildFile; fileRef = 79FAC4DA1CC533130068C093 /* WKRecommendViewController.xib */; };
		79FAC4E01CC533220068C093 /* WKWorldViewController.m in Sources */ = {isa = PBXBuildFile; fileRef = 79FAC4DE1CC533220068C093 /* WKWorldViewController.m */; };
		79FAC4E11CC533220068C093 /* WKWorldViewController.xib in Resources */ = {isa = PBXBuildFile; fileRef = 79FAC4DF1CC533220068C093 /* WKWorldViewController.xib */; };
		79FAC4E51CC533300068C093 /* WKMeViewController.m in Sources */ = {isa = PBXBuildFile; fileRef = 79FAC4E31CC533300068C093 /* WKMeViewController.m */; };
		79FAC4E61CC533300068C093 /* WKMeViewController.xib in Resources */ = {isa = PBXBuildFile; fileRef = 79FAC4E41CC533300068C093 /* WKMeViewController.xib */; };
		890A9A7440843CA5E1484CDD /* libPods.a in Frameworks */ = {isa = PBXBuildFile; fileRef = E80CE71F69D6659C8403C535 /* libPods.a */; };
/* End PBXBuildFile section */

/* Begin PBXContainerItemProxy section */
		79FAC4A01CC4E39F0068C093 /* PBXContainerItemProxy */ = {
			isa = PBXContainerItemProxy;
			containerPortal = 79FAC47E1CC4E39F0068C093 /* Project object */;
			proxyType = 1;
			remoteGlobalIDString = 79FAC4851CC4E39F0068C093;
			remoteInfo = Walking;
		};
		79FAC4AB1CC4E39F0068C093 /* PBXContainerItemProxy */ = {
			isa = PBXContainerItemProxy;
			containerPortal = 79FAC47E1CC4E39F0068C093 /* Project object */;
			proxyType = 1;
			remoteGlobalIDString = 79FAC4851CC4E39F0068C093;
			remoteInfo = Walking;
		};
/* End PBXContainerItemProxy section */

/* Begin PBXFileReference section */
		4AC5FDF6D42329CAEADE9DCB /* Pods.debug.xcconfig */ = {isa = PBXFileReference; includeInIndex = 1; lastKnownFileType = text.xcconfig; name = Pods.debug.xcconfig; path = "Pods/Target Support Files/Pods/Pods.debug.xcconfig"; sourceTree = "<group>"; };
		790040E91CC9CC8F00D291C3 /* WKSubjectViewController.h */ = {isa = PBXFileReference; fileEncoding = 4; lastKnownFileType = sourcecode.c.h; path = WKSubjectViewController.h; sourceTree = "<group>"; };
		790040EA1CC9CC8F00D291C3 /* WKSubjectViewController.m */ = {isa = PBXFileReference; fileEncoding = 4; lastKnownFileType = sourcecode.c.objc; path = WKSubjectViewController.m; sourceTree = "<group>"; };
		790040EB1CC9CC8F00D291C3 /* WKSubjectViewController.xib */ = {isa = PBXFileReference; fileEncoding = 4; lastKnownFileType = file.xib; path = WKSubjectViewController.xib; sourceTree = "<group>"; };
		7907618A1CC654020097EF89 /* WKWorldView.h */ = {isa = PBXFileReference; fileEncoding = 4; lastKnownFileType = sourcecode.c.h; path = WKWorldView.h; sourceTree = "<group>"; };
		7907618B1CC654020097EF89 /* WKWorldView.m */ = {isa = PBXFileReference; fileEncoding = 4; lastKnownFileType = sourcecode.c.objc; path = WKWorldView.m; sourceTree = "<group>"; };
		7907618D1CC654170097EF89 /* WKWorldListModel.h */ = {isa = PBXFileReference; fileEncoding = 4; lastKnownFileType = sourcecode.c.h; path = WKWorldListModel.h; sourceTree = "<group>"; };
		7907618E1CC654170097EF89 /* WKWorldListModel.m */ = {isa = PBXFileReference; fileEncoding = 4; lastKnownFileType = sourcecode.c.objc; path = WKWorldListModel.m; sourceTree = "<group>"; };
		790761901CC6544A0097EF89 /* WKNavigtionBar.h */ = {isa = PBXFileReference; fileEncoding = 4; lastKnownFileType = sourcecode.c.h; path = WKNavigtionBar.h; sourceTree = "<group>"; };
		790761911CC6544A0097EF89 /* WKNavigtionBar.m */ = {isa = PBXFileReference; fileEncoding = 4; lastKnownFileType = sourcecode.c.objc; path = WKNavigtionBar.m; sourceTree = "<group>"; };
		790761931CC6545E0097EF89 /* WKRecommendListModel.h */ = {isa = PBXFileReference; fileEncoding = 4; lastKnownFileType = sourcecode.c.h; path = WKRecommendListModel.h; sourceTree = "<group>"; };
		790761941CC6545E0097EF89 /* WKRecommendListModel.m */ = {isa = PBXFileReference; fileEncoding = 4; lastKnownFileType = sourcecode.c.objc; path = WKRecommendListModel.m; sourceTree = "<group>"; };
		790761961CC6546F0097EF89 /* WKRecommendView.h */ = {isa = PBXFileReference; fileEncoding = 4; lastKnownFileType = sourcecode.c.h; path = WKRecommendView.h; sourceTree = "<group>"; };
		790761971CC6546F0097EF89 /* WKRecommendView.m */ = {isa = PBXFileReference; fileEncoding = 4; lastKnownFileType = sourcecode.c.objc; path = WKRecommendView.m; sourceTree = "<group>"; };
		7907619A1CC6579D0097EF89 /* PrefixHeader.pch */ = {isa = PBXFileReference; lastKnownFileType = sourcecode.c.h; path = PrefixHeader.pch; sourceTree = "<group>"; };
		7907619B1CC65D890097EF89 /* UIBarButtonItem+WKExtension.h */ = {isa = PBXFileReference; fileEncoding = 4; lastKnownFileType = sourcecode.c.h; path = "UIBarButtonItem+WKExtension.h"; sourceTree = "<group>"; };
		7907619C1CC65D890097EF89 /* UIBarButtonItem+WKExtension.m */ = {isa = PBXFileReference; fileEncoding = 4; lastKnownFileType = sourcecode.c.objc; path = "UIBarButtonItem+WKExtension.m"; sourceTree = "<group>"; };
		7907619E1CC66DF30097EF89 /* WKCollectionCell.h */ = {isa = PBXFileReference; fileEncoding = 4; lastKnownFileType = sourcecode.c.h; path = WKCollectionCell.h; sourceTree = "<group>"; };
		7907619F1CC66DF30097EF89 /* WKCollectionCell.m */ = {isa = PBXFileReference; fileEncoding = 4; lastKnownFileType = sourcecode.c.objc; path = WKCollectionCell.m; sourceTree = "<group>"; };
		790761A11CC66E0C0097EF89 /* WKCollectionCell.xib */ = {isa = PBXFileReference; fileEncoding = 4; lastKnownFileType = file.xib; path = WKCollectionCell.xib; sourceTree = "<group>"; };
		7914E35B1CC773BF001A0C5F /* WKforeignViewController.h */ = {isa = PBXFileReference; fileEncoding = 4; lastKnownFileType = sourcecode.c.h; path = WKforeignViewController.h; sourceTree = "<group>"; };
		7914E35C1CC773BF001A0C5F /* WKforeignViewController.m */ = {isa = PBXFileReference; fileEncoding = 4; lastKnownFileType = sourcecode.c.objc; path = WKforeignViewController.m; sourceTree = "<group>"; };
		7914E35E1CC773EA001A0C5F /* WKInlandViewController.h */ = {isa = PBXFileReference; fileEncoding = 4; lastKnownFileType = sourcecode.c.h; path = WKInlandViewController.h; sourceTree = "<group>"; };
		7914E35F1CC773EA001A0C5F /* WKInlandViewController.m */ = {isa = PBXFileReference; fileEncoding = 4; lastKnownFileType = sourcecode.c.objc; path = WKInlandViewController.m; sourceTree = "<group>"; };
		7914E3611CC77A1B001A0C5F /* UIView+WKCustom.h */ = {isa = PBXFileReference; fileEncoding = 4; lastKnownFileType = sourcecode.c.h; path = "UIView+WKCustom.h"; sourceTree = "<group>"; };
		7914E3621CC77A1B001A0C5F /* UIView+WKCustom.m */ = {isa = PBXFileReference; fileEncoding = 4; lastKnownFileType = sourcecode.c.objc; path = "UIView+WKCustom.m"; sourceTree = "<group>"; };
		791C35DA1CC774DF00FFC596 /* WKMyCollectionViewController.h */ = {isa = PBXFileReference; fileEncoding = 4; lastKnownFileType = sourcecode.c.h; path = WKMyCollectionViewController.h; sourceTree = "<group>"; };
		791C35DB1CC774DF00FFC596 /* WKMyCollectionViewController.m */ = {isa = PBXFileReference; fileEncoding = 4; lastKnownFileType = sourcecode.c.objc; path = WKMyCollectionViewController.m; sourceTree = "<group>"; };
		791C35DC1CC774DF00FFC596 /* WKMyCollectionViewController.xib */ = {isa = PBXFileReference; fileEncoding = 4; lastKnownFileType = file.xib; path = WKMyCollectionViewController.xib; sourceTree = "<group>"; };
		791C35DF1CC7750E00FFC596 /* WKAboutUsViewController.h */ = {isa = PBXFileReference; fileEncoding = 4; lastKnownFileType = sourcecode.c.h; path = WKAboutUsViewController.h; sourceTree = "<group>"; };
		791C35E01CC7750E00FFC596 /* WKAboutUsViewController.m */ = {isa = PBXFileReference; fileEncoding = 4; lastKnownFileType = sourcecode.c.objc; path = WKAboutUsViewController.m; sourceTree = "<group>"; };
		791C35E11CC7750E00FFC596 /* WKAboutUsViewController.xib */ = {isa = PBXFileReference; fileEncoding = 4; lastKnownFileType = file.xib; path = WKAboutUsViewController.xib; sourceTree = "<group>"; };
		791C36261CC7BF0500FFC596 /* WKLoginAndRegistViewController.h */ = {isa = PBXFileReference; fileEncoding = 4; lastKnownFileType = sourcecode.c.h; path = WKLoginAndRegistViewController.h; sourceTree = "<group>"; };
		791C36271CC7BF0500FFC596 /* WKLoginAndRegistViewController.m */ = {isa = PBXFileReference; fileEncoding = 4; lastKnownFileType = sourcecode.c.objc; path = WKLoginAndRegistViewController.m; sourceTree = "<group>"; };
		791C36281CC7BF0500FFC596 /* WKLoginAndRegistViewController.xib */ = {isa = PBXFileReference; fileEncoding = 4; lastKnownFileType = file.xib; path = WKLoginAndRegistViewController.xib; sourceTree = "<group>"; };
		791DA50A1CC725B1009D9093 /* WKRecommendCollectionViewCell.h */ = {isa = PBXFileReference; fileEncoding = 4; lastKnownFileType = sourcecode.c.h; path = WKRecommendCollectionViewCell.h; sourceTree = "<group>"; };
		791DA50B1CC725B1009D9093 /* WKRecommendCollectionViewCell.m */ = {isa = PBXFileReference; fileEncoding = 4; lastKnownFileType = sourcecode.c.objc; path = WKRecommendCollectionViewCell.m; sourceTree = "<group>"; };
		791DA50C1CC725B1009D9093 /* WKRecommendCollectionViewCell.xib */ = {isa = PBXFileReference; fileEncoding = 4; lastKnownFileType = file.xib; path = WKRecommendCollectionViewCell.xib; sourceTree = "<group>"; };
		791DA5191CC769F9009D9093 /* WKRecommendStoryViewController.h */ = {isa = PBXFileReference; fileEncoding = 4; lastKnownFileType = sourcecode.c.h; path = WKRecommendStoryViewController.h; sourceTree = "<group>"; };
		791DA51A1CC769F9009D9093 /* WKRecommendStoryViewController.m */ = {isa = PBXFileReference; fileEncoding = 4; lastKnownFileType = sourcecode.c.objc; path = WKRecommendStoryViewController.m; sourceTree = "<group>"; };
		791DA51B1CC769F9009D9093 /* WKRecommendStoryViewController.xib */ = {isa = PBXFileReference; fileEncoding = 4; lastKnownFileType = file.xib; path = WKRecommendStoryViewController.xib; sourceTree = "<group>"; };
		791DA51E1CC76A0F009D9093 /* WKRecommendNotesViewController.h */ = {isa = PBXFileReference; fileEncoding = 4; lastKnownFileType = sourcecode.c.h; path = WKRecommendNotesViewController.h; sourceTree = "<group>"; };
		791DA51F1CC76A0F009D9093 /* WKRecommendNotesViewController.m */ = {isa = PBXFileReference; fileEncoding = 4; lastKnownFileType = sourcecode.c.objc; path = WKRecommendNotesViewController.m; sourceTree = "<group>"; };
		791DA5201CC76A0F009D9093 /* WKRecommendNotesViewController.xib */ = {isa = PBXFileReference; fileEncoding = 4; lastKnownFileType = file.xib; path = WKRecommendNotesViewController.xib; sourceTree = "<group>"; };
		791DA5231CC77B52009D9093 /* WKStoryListTableViewCell.h */ = {isa = PBXFileReference; fileEncoding = 4; lastKnownFileType = sourcecode.c.h; path = WKStoryListTableViewCell.h; sourceTree = "<group>"; };
		791DA5241CC77B52009D9093 /* WKStoryListTableViewCell.m */ = {isa = PBXFileReference; fileEncoding = 4; lastKnownFileType = sourcecode.c.objc; path = WKStoryListTableViewCell.m; sourceTree = "<group>"; };
		791DA5251CC77B52009D9093 /* WKStoryListTableViewCell.xib */ = {isa = PBXFileReference; fileEncoding = 4; lastKnownFileType = file.xib; path = WKStoryListTableViewCell.xib; sourceTree = "<group>"; };
		791DA5281CC77D40009D9093 /* WKStoryListHeadView.h */ = {isa = PBXFileReference; fileEncoding = 4; lastKnownFileType = sourcecode.c.h; path = WKStoryListHeadView.h; sourceTree = "<group>"; };
		791DA5291CC77D40009D9093 /* WKStoryListHeadView.m */ = {isa = PBXFileReference; fileEncoding = 4; lastKnownFileType = sourcecode.c.objc; path = WKStoryListHeadView.m; sourceTree = "<group>"; };
		791DA52B1CC77D5C009D9093 /* WKStoryListHeadView.xib */ = {isa = PBXFileReference; fileEncoding = 4; lastKnownFileType = file.xib; path = WKStoryListHeadView.xib; sourceTree = "<group>"; };
		791DA56F1CC7B695009D9093 /* WKNotesListTableViewCell.h */ = {isa = PBXFileReference; fileEncoding = 4; lastKnownFileType = sourcecode.c.h; path = WKNotesListTableViewCell.h; sourceTree = "<group>"; };
		791DA5701CC7B695009D9093 /* WKNotesListTableViewCell.m */ = {isa = PBXFileReference; fileEncoding = 4; lastKnownFileType = sourcecode.c.objc; path = WKNotesListTableViewCell.m; sourceTree = "<group>"; };
		791DA5711CC7B695009D9093 /* WKNotesListTableViewCell.xib */ = {isa = PBXFileReference; fileEncoding = 4; lastKnownFileType = file.xib; path = WKNotesListTableViewCell.xib; sourceTree = "<group>"; };
		791DA5741CC7BB64009D9093 /* WKNotesListHeadView.h */ = {isa = PBXFileReference; fileEncoding = 4; lastKnownFileType = sourcecode.c.h; path = WKNotesListHeadView.h; sourceTree = "<group>"; };
		791DA5751CC7BB64009D9093 /* WKNotesListHeadView.m */ = {isa = PBXFileReference; fileEncoding = 4; lastKnownFileType = sourcecode.c.objc; path = WKNotesListHeadView.m; sourceTree = "<group>"; };
		793035251CC687BA003E5491 /* WKListTableViewCell.h */ = {isa = PBXFileReference; fileEncoding = 4; lastKnownFileType = sourcecode.c.h; path = WKListTableViewCell.h; sourceTree = "<group>"; };
		793035261CC687BA003E5491 /* WKListTableViewCell.m */ = {isa = PBXFileReference; fileEncoding = 4; lastKnownFileType = sourcecode.c.objc; path = WKListTableViewCell.m; sourceTree = "<group>"; };
		793035271CC687BA003E5491 /* WKListTableViewCell.xib */ = {isa = PBXFileReference; fileEncoding = 4; lastKnownFileType = file.xib; path = WKListTableViewCell.xib; sourceTree = "<group>"; };
		7930352A1CC68857003E5491 /* WKCycleScrollView.h */ = {isa = PBXFileReference; fileEncoding = 4; lastKnownFileType = sourcecode.c.h; path = WKCycleScrollView.h; sourceTree = "<group>"; };
		7930352B1CC68857003E5491 /* WKCycleScrollView.m */ = {isa = PBXFileReference; fileEncoding = 4; lastKnownFileType = sourcecode.c.objc; path = WKCycleScrollView.m; sourceTree = "<group>"; };
		7930352D1CC6886A003E5491 /* NSTimer+myTimer.h */ = {isa = PBXFileReference; fileEncoding = 4; lastKnownFileType = sourcecode.c.h; path = "NSTimer+myTimer.h"; sourceTree = "<group>"; };
		7930352E1CC6886A003E5491 /* NSTimer+myTimer.m */ = {isa = PBXFileReference; fileEncoding = 4; lastKnownFileType = sourcecode.c.objc; path = "NSTimer+myTimer.m"; sourceTree = "<group>"; };
		7931235C1CC8CDFE0052CDEE /* WKWorldDetailViewController.h */ = {isa = PBXFileReference; fileEncoding = 4; lastKnownFileType = sourcecode.c.h; path = WKWorldDetailViewController.h; sourceTree = "<group>"; };
		7931235D1CC8CDFE0052CDEE /* WKWorldDetailViewController.m */ = {isa = PBXFileReference; fileEncoding = 4; lastKnownFileType = sourcecode.c.objc; path = WKWorldDetailViewController.m; sourceTree = "<group>"; };
		7931235F1CC8D0C60052CDEE /* WKWorldDetailCell.h */ = {isa = PBXFileReference; fileEncoding = 4; lastKnownFileType = sourcecode.c.h; path = WKWorldDetailCell.h; sourceTree = "<group>"; };
		793123601CC8D0C60052CDEE /* WKWorldDetailCell.m */ = {isa = PBXFileReference; fileEncoding = 4; lastKnownFileType = sourcecode.c.objc; path = WKWorldDetailCell.m; sourceTree = "<group>"; };
		793123611CC8D0C60052CDEE /* WKWorldDetailCell.xib */ = {isa = PBXFileReference; fileEncoding = 4; lastKnownFileType = file.xib; path = WKWorldDetailCell.xib; sourceTree = "<group>"; };
		793123641CC8D1DE0052CDEE /* WKWorldDetailModel.h */ = {isa = PBXFileReference; fileEncoding = 4; lastKnownFileType = sourcecode.c.h; path = WKWorldDetailModel.h; sourceTree = "<group>"; };
		793123651CC8D1DE0052CDEE /* WKWorldDetailModel.m */ = {isa = PBXFileReference; fileEncoding = 4; lastKnownFileType = sourcecode.c.objc; path = WKWorldDetailModel.m; sourceTree = "<group>"; };
		7939D9101CC9036800833B9E /* WKDarkLightMode.h */ = {isa = PBXFileReference; fileEncoding = 4; lastKnownFileType = sourcecode.c.h; name = WKDarkLightMode.h; path = Walking/Base/Others/WKDarkLightMode.h; sourceTree = SOURCE_ROOT; };
		7939D9111CC9036800833B9E /* WKDarkLightMode.m */ = {isa = PBXFileReference; fileEncoding = 4; lastKnownFileType = sourcecode.c.objc; name = WKDarkLightMode.m; path = Walking/Base/Others/WKDarkLightMode.m; sourceTree = SOURCE_ROOT; };
		793DBDC21CC6607A00A4E3CA /* WKMeHeadView.h */ = {isa = PBXFileReference; fileEncoding = 4; lastKnownFileType = sourcecode.c.h; path = WKMeHeadView.h; sourceTree = SOURCE_ROOT; };
		793DBDC31CC6607A00A4E3CA /* WKMeHeadView.m */ = {isa = PBXFileReference; fileEncoding = 4; lastKnownFileType = sourcecode.c.objc; path = WKMeHeadView.m; sourceTree = SOURCE_ROOT; };
		793DBDC51CC6609400A4E3CA /* WKMeHeadView.xib */ = {isa = PBXFileReference; fileEncoding = 4; lastKnownFileType = file.xib; path = WKMeHeadView.xib; sourceTree = "<group>"; };
		79FAC4861CC4E39F0068C093 /* Walking.app */ = {isa = PBXFileReference; explicitFileType = wrapper.application; includeInIndex = 0; path = Walking.app; sourceTree = BUILT_PRODUCTS_DIR; };
		79FAC48A1CC4E39F0068C093 /* main.m */ = {isa = PBXFileReference; lastKnownFileType = sourcecode.c.objc; path = main.m; sourceTree = "<group>"; };
		79FAC48C1CC4E39F0068C093 /* AppDelegate.h */ = {isa = PBXFileReference; lastKnownFileType = sourcecode.c.h; name = AppDelegate.h; path = ../../../AppDelegate.h; sourceTree = "<group>"; };
		79FAC48D1CC4E39F0068C093 /* AppDelegate.m */ = {isa = PBXFileReference; lastKnownFileType = sourcecode.c.objc; name = AppDelegate.m; path = ../../../AppDelegate.m; sourceTree = "<group>"; };
		79FAC4951CC4E39F0068C093 /* Assets.xcassets */ = {isa = PBXFileReference; lastKnownFileType = folder.assetcatalog; path = Assets.xcassets; sourceTree = "<group>"; };
		79FAC4981CC4E39F0068C093 /* Base */ = {isa = PBXFileReference; lastKnownFileType = file.storyboard; name = Base; path = Base.lproj/LaunchScreen.storyboard; sourceTree = "<group>"; };
		79FAC49A1CC4E39F0068C093 /* Info.plist */ = {isa = PBXFileReference; lastKnownFileType = text.plist.xml; path = Info.plist; sourceTree = "<group>"; };
		79FAC49F1CC4E39F0068C093 /* WalkingTests.xctest */ = {isa = PBXFileReference; explicitFileType = wrapper.cfbundle; includeInIndex = 0; path = WalkingTests.xctest; sourceTree = BUILT_PRODUCTS_DIR; };
		79FAC4A31CC4E39F0068C093 /* WalkingTests.m */ = {isa = PBXFileReference; lastKnownFileType = sourcecode.c.objc; path = WalkingTests.m; sourceTree = "<group>"; };
		79FAC4A51CC4E39F0068C093 /* Info.plist */ = {isa = PBXFileReference; lastKnownFileType = text.plist.xml; path = Info.plist; sourceTree = "<group>"; };
		79FAC4AA1CC4E39F0068C093 /* WalkingUITests.xctest */ = {isa = PBXFileReference; explicitFileType = wrapper.cfbundle; includeInIndex = 0; path = WalkingUITests.xctest; sourceTree = BUILT_PRODUCTS_DIR; };
		79FAC4AE1CC4E39F0068C093 /* WalkingUITests.m */ = {isa = PBXFileReference; lastKnownFileType = sourcecode.c.objc; path = WalkingUITests.m; sourceTree = "<group>"; };
		79FAC4B01CC4E39F0068C093 /* Info.plist */ = {isa = PBXFileReference; lastKnownFileType = text.plist.xml; path = Info.plist; sourceTree = "<group>"; };
		79FAC4D21CC5328B0068C093 /* WKNavigationViewController.h */ = {isa = PBXFileReference; fileEncoding = 4; lastKnownFileType = sourcecode.c.h; path = WKNavigationViewController.h; sourceTree = "<group>"; };
		79FAC4D31CC5328B0068C093 /* WKNavigationViewController.m */ = {isa = PBXFileReference; fileEncoding = 4; lastKnownFileType = sourcecode.c.objc; path = WKNavigationViewController.m; sourceTree = "<group>"; };
		79FAC4D51CC5329A0068C093 /* WKTabBarViewController.h */ = {isa = PBXFileReference; fileEncoding = 4; lastKnownFileType = sourcecode.c.h; path = WKTabBarViewController.h; sourceTree = "<group>"; };
		79FAC4D61CC5329A0068C093 /* WKTabBarViewController.m */ = {isa = PBXFileReference; fileEncoding = 4; lastKnownFileType = sourcecode.c.objc; path = WKTabBarViewController.m; sourceTree = "<group>"; };
		79FAC4D81CC533130068C093 /* WKRecommendViewController.h */ = {isa = PBXFileReference; fileEncoding = 4; lastKnownFileType = sourcecode.c.h; path = WKRecommendViewController.h; sourceTree = "<group>"; };
		79FAC4D91CC533130068C093 /* WKRecommendViewController.m */ = {isa = PBXFileReference; fileEncoding = 4; lastKnownFileType = sourcecode.c.objc; path = WKRecommendViewController.m; sourceTree = "<group>"; };
		79FAC4DA1CC533130068C093 /* WKRecommendViewController.xib */ = {isa = PBXFileReference; fileEncoding = 4; lastKnownFileType = file.xib; path = WKRecommendViewController.xib; sourceTree = "<group>"; };
		79FAC4DD1CC533220068C093 /* WKWorldViewController.h */ = {isa = PBXFileReference; fileEncoding = 4; lastKnownFileType = sourcecode.c.h; path = WKWorldViewController.h; sourceTree = "<group>"; };
		79FAC4DE1CC533220068C093 /* WKWorldViewController.m */ = {isa = PBXFileReference; fileEncoding = 4; lastKnownFileType = sourcecode.c.objc; path = WKWorldViewController.m; sourceTree = "<group>"; };
		79FAC4DF1CC533220068C093 /* WKWorldViewController.xib */ = {isa = PBXFileReference; fileEncoding = 4; lastKnownFileType = file.xib; path = WKWorldViewController.xib; sourceTree = "<group>"; };
		79FAC4E21CC533300068C093 /* WKMeViewController.h */ = {isa = PBXFileReference; fileEncoding = 4; lastKnownFileType = sourcecode.c.h; path = WKMeViewController.h; sourceTree = "<group>"; };
		79FAC4E31CC533300068C093 /* WKMeViewController.m */ = {isa = PBXFileReference; fileEncoding = 4; lastKnownFileType = sourcecode.c.objc; path = WKMeViewController.m; sourceTree = "<group>"; };
		79FAC4E41CC533300068C093 /* WKMeViewController.xib */ = {isa = PBXFileReference; fileEncoding = 4; lastKnownFileType = file.xib; path = WKMeViewController.xib; sourceTree = "<group>"; };
		BA9B7931D7FF7480C02BFBEF /* Pods.release.xcconfig */ = {isa = PBXFileReference; includeInIndex = 1; lastKnownFileType = text.xcconfig; name = Pods.release.xcconfig; path = "Pods/Target Support Files/Pods/Pods.release.xcconfig"; sourceTree = "<group>"; };
		E80CE71F69D6659C8403C535 /* libPods.a */ = {isa = PBXFileReference; explicitFileType = archive.ar; includeInIndex = 0; path = libPods.a; sourceTree = BUILT_PRODUCTS_DIR; };
/* End PBXFileReference section */

/* Begin PBXFrameworksBuildPhase section */
		79FAC4831CC4E39F0068C093 /* Frameworks */ = {
			isa = PBXFrameworksBuildPhase;
			buildActionMask = 2147483647;
			files = (
				890A9A7440843CA5E1484CDD /* libPods.a in Frameworks */,
			);
			runOnlyForDeploymentPostprocessing = 0;
		};
		79FAC49C1CC4E39F0068C093 /* Frameworks */ = {
			isa = PBXFrameworksBuildPhase;
			buildActionMask = 2147483647;
			files = (
			);
			runOnlyForDeploymentPostprocessing = 0;
		};
		79FAC4A71CC4E39F0068C093 /* Frameworks */ = {
			isa = PBXFrameworksBuildPhase;
			buildActionMask = 2147483647;
			files = (
			);
			runOnlyForDeploymentPostprocessing = 0;
		};
/* End PBXFrameworksBuildPhase section */

/* Begin PBXGroup section */
		460FDDDAAF86AF4A4C6D6970 /* Frameworks */ = {
			isa = PBXGroup;
			children = (
				E80CE71F69D6659C8403C535 /* libPods.a */,
			);
			name = Frameworks;
			sourceTree = "<group>";
		};
		790752531CC8630E00B968F3 /* Tools */ = {
			isa = PBXGroup;
			children = (
				7939D9101CC9036800833B9E /* WKDarkLightMode.h */,
				7939D9111CC9036800833B9E /* WKDarkLightMode.m */,
			);
			path = Tools;
			sourceTree = "<group>";
		};
		79FAC47D1CC4E39F0068C093 = {
			isa = PBXGroup;
			children = (
				79FAC4881CC4E39F0068C093 /* Walking */,
				79FAC4A21CC4E39F0068C093 /* WalkingTests */,
				79FAC4AD1CC4E39F0068C093 /* WalkingUITests */,
				79FAC4871CC4E39F0068C093 /* Products */,
				C5E23E32BEF3A6D6969A03D9 /* Pods */,
				460FDDDAAF86AF4A4C6D6970 /* Frameworks */,
			);
			sourceTree = "<group>";
		};
		79FAC4871CC4E39F0068C093 /* Products */ = {
			isa = PBXGroup;
			children = (
				79FAC4861CC4E39F0068C093 /* Walking.app */,
				79FAC49F1CC4E39F0068C093 /* WalkingTests.xctest */,
				79FAC4AA1CC4E39F0068C093 /* WalkingUITests.xctest */,
			);
			name = Products;
			sourceTree = "<group>";
		};
		79FAC4881CC4E39F0068C093 /* Walking */ = {
			isa = PBXGroup;
			children = (
				79FAC4BC1CC5303D0068C093 /* Base */,
				79FAC4891CC4E39F0068C093 /* Supporting Files */,
			);
			path = Walking;
			sourceTree = "<group>";
		};
		79FAC4891CC4E39F0068C093 /* Supporting Files */ = {
			isa = PBXGroup;
			children = (
				79FAC4951CC4E39F0068C093 /* Assets.xcassets */,
				79FAC4971CC4E39F0068C093 /* LaunchScreen.storyboard */,
				79FAC49A1CC4E39F0068C093 /* Info.plist */,
				79FAC48A1CC4E39F0068C093 /* main.m */,
			);
			name = "Supporting Files";
			sourceTree = "<group>";
		};
		79FAC4A21CC4E39F0068C093 /* WalkingTests */ = {
			isa = PBXGroup;
			children = (
				79FAC4A31CC4E39F0068C093 /* WalkingTests.m */,
				79FAC4A51CC4E39F0068C093 /* Info.plist */,
			);
			path = WalkingTests;
			sourceTree = "<group>";
		};
		79FAC4AD1CC4E39F0068C093 /* WalkingUITests */ = {
			isa = PBXGroup;
			children = (
				79FAC4AE1CC4E39F0068C093 /* WalkingUITests.m */,
				79FAC4B01CC4E39F0068C093 /* Info.plist */,
			);
			path = WalkingUITests;
			sourceTree = "<group>";
		};
		79FAC4BC1CC5303D0068C093 /* Base */ = {
			isa = PBXGroup;
			children = (
				79FAC4C11CC5303D0068C093 /* Others */,
				79FAC4C41CC5303D0068C093 /* Recommend */,
				79FAC4C81CC5303D0068C093 /* World */,
				79FAC4BD1CC5303D0068C093 /* Me */,
			);
			path = Base;
			sourceTree = "<group>";
		};
		79FAC4BD1CC5303D0068C093 /* Me */ = {
			isa = PBXGroup;
			children = (
				79FAC4BE1CC5303D0068C093 /* Models */,
				79FAC4BF1CC5303D0068C093 /* ViewControllers */,
				79FAC4C01CC5303D0068C093 /* Views */,
			);
			path = Me;
			sourceTree = "<group>";
		};
		79FAC4BE1CC5303D0068C093 /* Models */ = {
			isa = PBXGroup;
			children = (
			);
			path = Models;
			sourceTree = "<group>";
		};
		79FAC4BF1CC5303D0068C093 /* ViewControllers */ = {
			isa = PBXGroup;
			children = (
				79FAC4E21CC533300068C093 /* WKMeViewController.h */,
				79FAC4E31CC533300068C093 /* WKMeViewController.m */,
				79FAC4E41CC533300068C093 /* WKMeViewController.xib */,
				791C35DA1CC774DF00FFC596 /* WKMyCollectionViewController.h */,
				791C35DB1CC774DF00FFC596 /* WKMyCollectionViewController.m */,
				791C35DC1CC774DF00FFC596 /* WKMyCollectionViewController.xib */,
				791C35DF1CC7750E00FFC596 /* WKAboutUsViewController.h */,
				791C35E01CC7750E00FFC596 /* WKAboutUsViewController.m */,
				791C35E11CC7750E00FFC596 /* WKAboutUsViewController.xib */,
				791C36261CC7BF0500FFC596 /* WKLoginAndRegistViewController.h */,
				791C36271CC7BF0500FFC596 /* WKLoginAndRegistViewController.m */,
				791C36281CC7BF0500FFC596 /* WKLoginAndRegistViewController.xib */,
			);
			path = ViewControllers;
			sourceTree = "<group>";
		};
		79FAC4C01CC5303D0068C093 /* Views */ = {
			isa = PBXGroup;
			children = (
				793DBDC21CC6607A00A4E3CA /* WKMeHeadView.h */,
				793DBDC31CC6607A00A4E3CA /* WKMeHeadView.m */,
				793DBDC51CC6609400A4E3CA /* WKMeHeadView.xib */,
			);
			path = Views;
			sourceTree = "<group>";
		};
		79FAC4C11CC5303D0068C093 /* Others */ = {
			isa = PBXGroup;
			children = (
				790752531CC8630E00B968F3 /* Tools */,
				79FAC4C21CC5303D0068C093 /* ViewControllers */,
				79FAC4C31CC5303D0068C093 /* Views */,
			);
			path = Others;
			sourceTree = "<group>";
		};
		79FAC4C21CC5303D0068C093 /* ViewControllers */ = {
			isa = PBXGroup;
			children = (
				79FAC4D21CC5328B0068C093 /* WKNavigationViewController.h */,
				79FAC4D31CC5328B0068C093 /* WKNavigationViewController.m */,
				79FAC4D51CC5329A0068C093 /* WKTabBarViewController.h */,
				79FAC4D61CC5329A0068C093 /* WKTabBarViewController.m */,
			);
			path = ViewControllers;
			sourceTree = "<group>";
		};
		79FAC4C31CC5303D0068C093 /* Views */ = {
			isa = PBXGroup;
			children = (
				79FAC48C1CC4E39F0068C093 /* AppDelegate.h */,
				79FAC48D1CC4E39F0068C093 /* AppDelegate.m */,
				790761901CC6544A0097EF89 /* WKNavigtionBar.h */,
				790761911CC6544A0097EF89 /* WKNavigtionBar.m */,
				7907619A1CC6579D0097EF89 /* PrefixHeader.pch */,
				7907619B1CC65D890097EF89 /* UIBarButtonItem+WKExtension.h */,
				7907619C1CC65D890097EF89 /* UIBarButtonItem+WKExtension.m */,
				7914E3611CC77A1B001A0C5F /* UIView+WKCustom.h */,
				7914E3621CC77A1B001A0C5F /* UIView+WKCustom.m */,
			);
			path = Views;
			sourceTree = "<group>";
		};
		79FAC4C41CC5303D0068C093 /* Recommend */ = {
			isa = PBXGroup;
			children = (
				79FAC4C51CC5303D0068C093 /* Models */,
				79FAC4C61CC5303D0068C093 /* ViewControllers */,
				79FAC4C71CC5303D0068C093 /* Views */,
			);
			path = Recommend;
			sourceTree = "<group>";
		};
		79FAC4C51CC5303D0068C093 /* Models */ = {
			isa = PBXGroup;
			children = (
				790761931CC6545E0097EF89 /* WKRecommendListModel.h */,
				790761941CC6545E0097EF89 /* WKRecommendListModel.m */,
			);
			path = Models;
			sourceTree = "<group>";
		};
		79FAC4C61CC5303D0068C093 /* ViewControllers */ = {
			isa = PBXGroup;
			children = (
				79FAC4D81CC533130068C093 /* WKRecommendViewController.h */,
				79FAC4D91CC533130068C093 /* WKRecommendViewController.m */,
				79FAC4DA1CC533130068C093 /* WKRecommendViewController.xib */,
				791DA5191CC769F9009D9093 /* WKRecommendStoryViewController.h */,
				791DA51A1CC769F9009D9093 /* WKRecommendStoryViewController.m */,
				791DA51B1CC769F9009D9093 /* WKRecommendStoryViewController.xib */,
				791DA51E1CC76A0F009D9093 /* WKRecommendNotesViewController.h */,
				791DA51F1CC76A0F009D9093 /* WKRecommendNotesViewController.m */,
				791DA5201CC76A0F009D9093 /* WKRecommendNotesViewController.xib */,
				7930352A1CC68857003E5491 /* WKCycleScrollView.h */,
				7930352B1CC68857003E5491 /* WKCycleScrollView.m */,
				7930352D1CC6886A003E5491 /* NSTimer+myTimer.h */,
				7930352E1CC6886A003E5491 /* NSTimer+myTimer.m */,
			);
			path = ViewControllers;
			sourceTree = "<group>";
		};
		79FAC4C71CC5303D0068C093 /* Views */ = {
			isa = PBXGroup;
			children = (
				790761961CC6546F0097EF89 /* WKRecommendView.h */,
				790761971CC6546F0097EF89 /* WKRecommendView.m */,
				791DA50A1CC725B1009D9093 /* WKRecommendCollectionViewCell.h */,
				791DA50B1CC725B1009D9093 /* WKRecommendCollectionViewCell.m */,
				791DA50C1CC725B1009D9093 /* WKRecommendCollectionViewCell.xib */,
				793035251CC687BA003E5491 /* WKListTableViewCell.h */,
				793035261CC687BA003E5491 /* WKListTableViewCell.m */,
				793035271CC687BA003E5491 /* WKListTableViewCell.xib */,
				791DA5231CC77B52009D9093 /* WKStoryListTableViewCell.h */,
				791DA5241CC77B52009D9093 /* WKStoryListTableViewCell.m */,
				791DA5251CC77B52009D9093 /* WKStoryListTableViewCell.xib */,
				791DA5281CC77D40009D9093 /* WKStoryListHeadView.h */,
				791DA5291CC77D40009D9093 /* WKStoryListHeadView.m */,
				791DA52B1CC77D5C009D9093 /* WKStoryListHeadView.xib */,
				791DA56F1CC7B695009D9093 /* WKNotesListTableViewCell.h */,
				791DA5701CC7B695009D9093 /* WKNotesListTableViewCell.m */,
				791DA5711CC7B695009D9093 /* WKNotesListTableViewCell.xib */,
				791DA5741CC7BB64009D9093 /* WKNotesListHeadView.h */,
				791DA5751CC7BB64009D9093 /* WKNotesListHeadView.m */,
			);
			path = Views;
			sourceTree = "<group>";
		};
		79FAC4C81CC5303D0068C093 /* World */ = {
			isa = PBXGroup;
			children = (
				79FAC4C91CC5303D0068C093 /* Models */,
				79FAC4CA1CC5303D0068C093 /* ViewControllers */,
				79FAC4CB1CC5303D0068C093 /* Views */,
			);
			path = World;
			sourceTree = "<group>";
		};
		79FAC4C91CC5303D0068C093 /* Models */ = {
			isa = PBXGroup;
			children = (
				7907618D1CC654170097EF89 /* WKWorldListModel.h */,
				7907618E1CC654170097EF89 /* WKWorldListModel.m */,
				793123641CC8D1DE0052CDEE /* WKWorldDetailModel.h */,
				793123651CC8D1DE0052CDEE /* WKWorldDetailModel.m */,
			);
			path = Models;
			sourceTree = "<group>";
		};
		79FAC4CA1CC5303D0068C093 /* ViewControllers */ = {
			isa = PBXGroup;
			children = (
				79FAC4DD1CC533220068C093 /* WKWorldViewController.h */,
				79FAC4DE1CC533220068C093 /* WKWorldViewController.m */,
				79FAC4DF1CC533220068C093 /* WKWorldViewController.xib */,
				7914E35B1CC773BF001A0C5F /* WKforeignViewController.h */,
				7914E35C1CC773BF001A0C5F /* WKforeignViewController.m */,
				7914E35E1CC773EA001A0C5F /* WKInlandViewController.h */,
				7914E35F1CC773EA001A0C5F /* WKInlandViewController.m */,
				7931235C1CC8CDFE0052CDEE /* WKWorldDetailViewController.h */,
				7931235D1CC8CDFE0052CDEE /* WKWorldDetailViewController.m */,
				790040E91CC9CC8F00D291C3 /* WKSubjectViewController.h */,
				790040EA1CC9CC8F00D291C3 /* WKSubjectViewController.m */,
				790040EB1CC9CC8F00D291C3 /* WKSubjectViewController.xib */,
			);
			path = ViewControllers;
			sourceTree = "<group>";
		};
		79FAC4CB1CC5303D0068C093 /* Views */ = {
			isa = PBXGroup;
			children = (
				7907618A1CC654020097EF89 /* WKWorldView.h */,
				7907618B1CC654020097EF89 /* WKWorldView.m */,
				7907619E1CC66DF30097EF89 /* WKCollectionCell.h */,
				7907619F1CC66DF30097EF89 /* WKCollectionCell.m */,
				790761A11CC66E0C0097EF89 /* WKCollectionCell.xib */,
				7931235F1CC8D0C60052CDEE /* WKWorldDetailCell.h */,
				793123601CC8D0C60052CDEE /* WKWorldDetailCell.m */,
				793123611CC8D0C60052CDEE /* WKWorldDetailCell.xib */,
			);
			path = Views;
			sourceTree = "<group>";
		};
		C5E23E32BEF3A6D6969A03D9 /* Pods */ = {
			isa = PBXGroup;
			children = (
				4AC5FDF6D42329CAEADE9DCB /* Pods.debug.xcconfig */,
				BA9B7931D7FF7480C02BFBEF /* Pods.release.xcconfig */,
			);
			name = Pods;
			sourceTree = "<group>";
		};
/* End PBXGroup section */

/* Begin PBXNativeTarget section */
		79FAC4851CC4E39F0068C093 /* Walking */ = {
			isa = PBXNativeTarget;
			buildConfigurationList = 79FAC4B31CC4E39F0068C093 /* Build configuration list for PBXNativeTarget "Walking" */;
			buildPhases = (
				28B9800B03A6A585DD1BC910 /* Check Pods Manifest.lock */,
				79FAC4821CC4E39F0068C093 /* Sources */,
				79FAC4831CC4E39F0068C093 /* Frameworks */,
				79FAC4841CC4E39F0068C093 /* Resources */,
				A72FDFD5AE5A41ED6D596355 /* Embed Pods Frameworks */,
				4677F47CA7DD1DABC260F436 /* Copy Pods Resources */,
			);
			buildRules = (
			);
			dependencies = (
			);
			name = Walking;
			productName = Walking;
			productReference = 79FAC4861CC4E39F0068C093 /* Walking.app */;
			productType = "com.apple.product-type.application";
		};
		79FAC49E1CC4E39F0068C093 /* WalkingTests */ = {
			isa = PBXNativeTarget;
			buildConfigurationList = 79FAC4B61CC4E39F0068C093 /* Build configuration list for PBXNativeTarget "WalkingTests" */;
			buildPhases = (
				79FAC49B1CC4E39F0068C093 /* Sources */,
				79FAC49C1CC4E39F0068C093 /* Frameworks */,
				79FAC49D1CC4E39F0068C093 /* Resources */,
			);
			buildRules = (
			);
			dependencies = (
				79FAC4A11CC4E39F0068C093 /* PBXTargetDependency */,
			);
			name = WalkingTests;
			productName = WalkingTests;
			productReference = 79FAC49F1CC4E39F0068C093 /* WalkingTests.xctest */;
			productType = "com.apple.product-type.bundle.unit-test";
		};
		79FAC4A91CC4E39F0068C093 /* WalkingUITests */ = {
			isa = PBXNativeTarget;
			buildConfigurationList = 79FAC4B91CC4E39F0068C093 /* Build configuration list for PBXNativeTarget "WalkingUITests" */;
			buildPhases = (
				79FAC4A61CC4E39F0068C093 /* Sources */,
				79FAC4A71CC4E39F0068C093 /* Frameworks */,
				79FAC4A81CC4E39F0068C093 /* Resources */,
			);
			buildRules = (
			);
			dependencies = (
				79FAC4AC1CC4E39F0068C093 /* PBXTargetDependency */,
			);
			name = WalkingUITests;
			productName = WalkingUITests;
			productReference = 79FAC4AA1CC4E39F0068C093 /* WalkingUITests.xctest */;
			productType = "com.apple.product-type.bundle.ui-testing";
		};
/* End PBXNativeTarget section */

/* Begin PBXProject section */
		79FAC47E1CC4E39F0068C093 /* Project object */ = {
			isa = PBXProject;
			attributes = {
				CLASSPREFIX = WK;
				LastUpgradeCheck = 0720;
				ORGANIZATIONNAME = xqy;
				TargetAttributes = {
					79FAC4851CC4E39F0068C093 = {
						CreatedOnToolsVersion = 7.2;
						DevelopmentTeam = 77724DT35C;
					};
					79FAC49E1CC4E39F0068C093 = {
						CreatedOnToolsVersion = 7.2;
						DevelopmentTeam = X4P4XDTS83;
						TestTargetID = 79FAC4851CC4E39F0068C093;
					};
					79FAC4A91CC4E39F0068C093 = {
						CreatedOnToolsVersion = 7.2;
						DevelopmentTeam = X4P4XDTS83;
						TestTargetID = 79FAC4851CC4E39F0068C093;
					};
				};
			};
			buildConfigurationList = 79FAC4811CC4E39F0068C093 /* Build configuration list for PBXProject "Walking" */;
			compatibilityVersion = "Xcode 3.2";
			developmentRegion = English;
			hasScannedForEncodings = 0;
			knownRegions = (
				en,
				Base,
			);
			mainGroup = 79FAC47D1CC4E39F0068C093;
			productRefGroup = 79FAC4871CC4E39F0068C093 /* Products */;
			projectDirPath = "";
			projectRoot = "";
			targets = (
				79FAC4851CC4E39F0068C093 /* Walking */,
				79FAC49E1CC4E39F0068C093 /* WalkingTests */,
				79FAC4A91CC4E39F0068C093 /* WalkingUITests */,
			);
		};
/* End PBXProject section */

/* Begin PBXResourcesBuildPhase section */
		79FAC4841CC4E39F0068C093 /* Resources */ = {
			isa = PBXResourcesBuildPhase;
			buildActionMask = 2147483647;
			files = (
				791C35DE1CC774DF00FFC596 /* WKMyCollectionViewController.xib in Resources */,
				793DBDC61CC6609400A4E3CA /* WKMeHeadView.xib in Resources */,
				791C35E31CC7750E00FFC596 /* WKAboutUsViewController.xib in Resources */,
				79FAC4E61CC533300068C093 /* WKMeViewController.xib in Resources */,
				790761A21CC66E0C0097EF89 /* WKCollectionCell.xib in Resources */,
				793123631CC8D0C60052CDEE /* WKWorldDetailCell.xib in Resources */,
				79FAC4991CC4E39F0068C093 /* LaunchScreen.storyboard in Resources */,
				79FAC4DC1CC533130068C093 /* WKRecommendViewController.xib in Resources */,
				791DA5731CC7B695009D9093 /* WKNotesListTableViewCell.xib in Resources */,
				791DA51D1CC769F9009D9093 /* WKRecommendStoryViewController.xib in Resources */,
				791DA52C1CC77D5D009D9093 /* WKStoryListHeadView.xib in Resources */,
				791DA50E1CC725B1009D9093 /* WKRecommendCollectionViewCell.xib in Resources */,
				790040ED1CC9CC8F00D291C3 /* WKSubjectViewController.xib in Resources */,
				791DA5221CC76A0F009D9093 /* WKRecommendNotesViewController.xib in Resources */,
				79FAC4961CC4E39F0068C093 /* Assets.xcassets in Resources */,
				791C362A1CC7BF0500FFC596 /* WKLoginAndRegistViewController.xib in Resources */,
				79FAC4E11CC533220068C093 /* WKWorldViewController.xib in Resources */,
				793035291CC687BA003E5491 /* WKListTableViewCell.xib in Resources */,
				791DA5271CC77B52009D9093 /* WKStoryListTableViewCell.xib in Resources */,
			);
			runOnlyForDeploymentPostprocessing = 0;
		};
		79FAC49D1CC4E39F0068C093 /* Resources */ = {
			isa = PBXResourcesBuildPhase;
			buildActionMask = 2147483647;
			files = (
			);
			runOnlyForDeploymentPostprocessing = 0;
		};
		79FAC4A81CC4E39F0068C093 /* Resources */ = {
			isa = PBXResourcesBuildPhase;
			buildActionMask = 2147483647;
			files = (
			);
			runOnlyForDeploymentPostprocessing = 0;
		};
/* End PBXResourcesBuildPhase section */

/* Begin PBXShellScriptBuildPhase section */
		28B9800B03A6A585DD1BC910 /* Check Pods Manifest.lock */ = {
			isa = PBXShellScriptBuildPhase;
			buildActionMask = 2147483647;
			files = (
			);
			inputPaths = (
			);
			name = "Check Pods Manifest.lock";
			outputPaths = (
			);
			runOnlyForDeploymentPostprocessing = 0;
			shellPath = /bin/sh;
			shellScript = "diff \"${PODS_ROOT}/../Podfile.lock\" \"${PODS_ROOT}/Manifest.lock\" > /dev/null\nif [[ $? != 0 ]] ; then\n    cat << EOM\nerror: The sandbox is not in sync with the Podfile.lock. Run 'pod install' or update your CocoaPods installation.\nEOM\n    exit 1\nfi\n";
			showEnvVarsInLog = 0;
		};
		4677F47CA7DD1DABC260F436 /* Copy Pods Resources */ = {
			isa = PBXShellScriptBuildPhase;
			buildActionMask = 2147483647;
			files = (
			);
			inputPaths = (
			);
			name = "Copy Pods Resources";
			outputPaths = (
			);
			runOnlyForDeploymentPostprocessing = 0;
			shellPath = /bin/sh;
			shellScript = "\"${SRCROOT}/Pods/Target Support Files/Pods/Pods-resources.sh\"\n";
			showEnvVarsInLog = 0;
		};
		A72FDFD5AE5A41ED6D596355 /* Embed Pods Frameworks */ = {
			isa = PBXShellScriptBuildPhase;
			buildActionMask = 2147483647;
			files = (
			);
			inputPaths = (
			);
			name = "Embed Pods Frameworks";
			outputPaths = (
			);
			runOnlyForDeploymentPostprocessing = 0;
			shellPath = /bin/sh;
			shellScript = "\"${SRCROOT}/Pods/Target Support Files/Pods/Pods-frameworks.sh\"\n";
			showEnvVarsInLog = 0;
		};
/* End PBXShellScriptBuildPhase section */

/* Begin PBXSourcesBuildPhase section */
		79FAC4821CC4E39F0068C093 /* Sources */ = {
			isa = PBXSourcesBuildPhase;
			buildActionMask = 2147483647;
			files = (
				7930352F1CC6886A003E5491 /* NSTimer+myTimer.m in Sources */,
				791DA5721CC7B695009D9093 /* WKNotesListTableViewCell.m in Sources */,
				79FAC4D71CC5329A0068C093 /* WKTabBarViewController.m in Sources */,
				7914E3631CC77A1B001A0C5F /* UIView+WKCustom.m in Sources */,
				7930352C1CC68857003E5491 /* WKCycleScrollView.m in Sources */,
				790040EC1CC9CC8F00D291C3 /* WKSubjectViewController.m in Sources */,
				793035281CC687BA003E5491 /* WKListTableViewCell.m in Sources */,
				7907619D1CC65D890097EF89 /* UIBarButtonItem+WKExtension.m in Sources */,
				7907618F1CC654170097EF89 /* WKWorldListModel.m in Sources */,
				791DA52A1CC77D40009D9093 /* WKStoryListHeadView.m in Sources */,
				791DA5211CC76A0F009D9093 /* WKRecommendNotesViewController.m in Sources */,
				791DA5261CC77B52009D9093 /* WKStoryListTableViewCell.m in Sources */,
				793DBDC41CC6607A00A4E3CA /* WKMeHeadView.m in Sources */,
				7939D9121CC9036800833B9E /* WKDarkLightMode.m in Sources */,
				79FAC4E01CC533220068C093 /* WKWorldViewController.m in Sources */,
				790761981CC6546F0097EF89 /* WKRecommendView.m in Sources */,
				791C36291CC7BF0500FFC596 /* WKLoginAndRegistViewController.m in Sources */,
				790761951CC6545E0097EF89 /* WKRecommendListModel.m in Sources */,
				790761921CC6544A0097EF89 /* WKNavigtionBar.m in Sources */,
				790761A01CC66DF30097EF89 /* WKCollectionCell.m in Sources */,
				79FAC4E51CC533300068C093 /* WKMeViewController.m in Sources */,
				79FAC4D41CC5328B0068C093 /* WKNavigationViewController.m in Sources */,
				7931235E1CC8CDFE0052CDEE /* WKWorldDetailViewController.m in Sources */,
				791C35E21CC7750E00FFC596 /* WKAboutUsViewController.m in Sources */,
				793123621CC8D0C60052CDEE /* WKWorldDetailCell.m in Sources */,
				79FAC48E1CC4E39F0068C093 /* AppDelegate.m in Sources */,
				7914E3601CC773EA001A0C5F /* WKInlandViewController.m in Sources */,
				793123661CC8D1DE0052CDEE /* WKWorldDetailModel.m in Sources */,
				791C35DD1CC774DF00FFC596 /* WKMyCollectionViewController.m in Sources */,
				7907618C1CC654020097EF89 /* WKWorldView.m in Sources */,
				791DA50D1CC725B1009D9093 /* WKRecommendCollectionViewCell.m in Sources */,
				79FAC48B1CC4E39F0068C093 /* main.m in Sources */,
				791DA5761CC7BB64009D9093 /* WKNotesListHeadView.m in Sources */,
				791DA51C1CC769F9009D9093 /* WKRecommendStoryViewController.m in Sources */,
				79FAC4DB1CC533130068C093 /* WKRecommendViewController.m in Sources */,
				7914E35D1CC773BF001A0C5F /* WKforeignViewController.m in Sources */,
			);
			runOnlyForDeploymentPostprocessing = 0;
		};
		79FAC49B1CC4E39F0068C093 /* Sources */ = {
			isa = PBXSourcesBuildPhase;
			buildActionMask = 2147483647;
			files = (
				79FAC4A41CC4E39F0068C093 /* WalkingTests.m in Sources */,
			);
			runOnlyForDeploymentPostprocessing = 0;
		};
		79FAC4A61CC4E39F0068C093 /* Sources */ = {
			isa = PBXSourcesBuildPhase;
			buildActionMask = 2147483647;
			files = (
				79FAC4AF1CC4E39F0068C093 /* WalkingUITests.m in Sources */,
			);
			runOnlyForDeploymentPostprocessing = 0;
		};
/* End PBXSourcesBuildPhase section */

/* Begin PBXTargetDependency section */
		79FAC4A11CC4E39F0068C093 /* PBXTargetDependency */ = {
			isa = PBXTargetDependency;
			target = 79FAC4851CC4E39F0068C093 /* Walking */;
			targetProxy = 79FAC4A01CC4E39F0068C093 /* PBXContainerItemProxy */;
		};
		79FAC4AC1CC4E39F0068C093 /* PBXTargetDependency */ = {
			isa = PBXTargetDependency;
			target = 79FAC4851CC4E39F0068C093 /* Walking */;
			targetProxy = 79FAC4AB1CC4E39F0068C093 /* PBXContainerItemProxy */;
		};
/* End PBXTargetDependency section */

/* Begin PBXVariantGroup section */
		79FAC4971CC4E39F0068C093 /* LaunchScreen.storyboard */ = {
			isa = PBXVariantGroup;
			children = (
				79FAC4981CC4E39F0068C093 /* Base */,
			);
			name = LaunchScreen.storyboard;
			sourceTree = "<group>";
		};
/* End PBXVariantGroup section */

/* Begin XCBuildConfiguration section */
		79FAC4B11CC4E39F0068C093 /* Debug */ = {
			isa = XCBuildConfiguration;
			buildSettings = {
				ALWAYS_SEARCH_USER_PATHS = NO;
				CLANG_CXX_LANGUAGE_STANDARD = "gnu++0x";
				CLANG_CXX_LIBRARY = "libc++";
				CLANG_ENABLE_MODULES = YES;
				CLANG_ENABLE_OBJC_ARC = YES;
				CLANG_WARN_BOOL_CONVERSION = YES;
				CLANG_WARN_CONSTANT_CONVERSION = YES;
				CLANG_WARN_DIRECT_OBJC_ISA_USAGE = YES_ERROR;
				CLANG_WARN_EMPTY_BODY = YES;
				CLANG_WARN_ENUM_CONVERSION = YES;
				CLANG_WARN_INT_CONVERSION = YES;
				CLANG_WARN_OBJC_ROOT_CLASS = YES_ERROR;
				CLANG_WARN_UNREACHABLE_CODE = YES;
				CLANG_WARN__DUPLICATE_METHOD_MATCH = YES;
				"CODE_SIGN_IDENTITY[sdk=iphoneos*]" = "iPhone Developer";
				COPY_PHASE_STRIP = NO;
				DEBUG_INFORMATION_FORMAT = dwarf;
				ENABLE_STRICT_OBJC_MSGSEND = YES;
				ENABLE_TESTABILITY = YES;
				GCC_C_LANGUAGE_STANDARD = gnu99;
				GCC_DYNAMIC_NO_PIC = NO;
				GCC_NO_COMMON_BLOCKS = YES;
				GCC_OPTIMIZATION_LEVEL = 0;
				GCC_PREPROCESSOR_DEFINITIONS = (
					"DEBUG=1",
					"$(inherited)",
				);
				GCC_WARN_64_TO_32_BIT_CONVERSION = YES;
				GCC_WARN_ABOUT_RETURN_TYPE = YES_ERROR;
				GCC_WARN_UNDECLARED_SELECTOR = YES;
				GCC_WARN_UNINITIALIZED_AUTOS = YES_AGGRESSIVE;
				GCC_WARN_UNUSED_FUNCTION = YES;
				GCC_WARN_UNUSED_VARIABLE = YES;
				IPHONEOS_DEPLOYMENT_TARGET = 9.2;
				MTL_ENABLE_DEBUG_INFO = YES;
				ONLY_ACTIVE_ARCH = YES;
				SDKROOT = iphoneos;
			};
			name = Debug;
		};
		79FAC4B21CC4E39F0068C093 /* Release */ = {
			isa = XCBuildConfiguration;
			buildSettings = {
				ALWAYS_SEARCH_USER_PATHS = NO;
				CLANG_CXX_LANGUAGE_STANDARD = "gnu++0x";
				CLANG_CXX_LIBRARY = "libc++";
				CLANG_ENABLE_MODULES = YES;
				CLANG_ENABLE_OBJC_ARC = YES;
				CLANG_WARN_BOOL_CONVERSION = YES;
				CLANG_WARN_CONSTANT_CONVERSION = YES;
				CLANG_WARN_DIRECT_OBJC_ISA_USAGE = YES_ERROR;
				CLANG_WARN_EMPTY_BODY = YES;
				CLANG_WARN_ENUM_CONVERSION = YES;
				CLANG_WARN_INT_CONVERSION = YES;
				CLANG_WARN_OBJC_ROOT_CLASS = YES_ERROR;
				CLANG_WARN_UNREACHABLE_CODE = YES;
				CLANG_WARN__DUPLICATE_METHOD_MATCH = YES;
				"CODE_SIGN_IDENTITY[sdk=iphoneos*]" = "iPhone Developer";
				COPY_PHASE_STRIP = NO;
				DEBUG_INFORMATION_FORMAT = "dwarf-with-dsym";
				ENABLE_NS_ASSERTIONS = NO;
				ENABLE_STRICT_OBJC_MSGSEND = YES;
				GCC_C_LANGUAGE_STANDARD = gnu99;
				GCC_NO_COMMON_BLOCKS = YES;
				GCC_WARN_64_TO_32_BIT_CONVERSION = YES;
				GCC_WARN_ABOUT_RETURN_TYPE = YES_ERROR;
				GCC_WARN_UNDECLARED_SELECTOR = YES;
				GCC_WARN_UNINITIALIZED_AUTOS = YES_AGGRESSIVE;
				GCC_WARN_UNUSED_FUNCTION = YES;
				GCC_WARN_UNUSED_VARIABLE = YES;
				IPHONEOS_DEPLOYMENT_TARGET = 9.2;
				MTL_ENABLE_DEBUG_INFO = NO;
				SDKROOT = iphoneos;
				VALIDATE_PRODUCT = YES;
			};
			name = Release;
		};
		79FAC4B41CC4E39F0068C093 /* Debug */ = {
			isa = XCBuildConfiguration;
			baseConfigurationReference = 4AC5FDF6D42329CAEADE9DCB /* Pods.debug.xcconfig */;
			buildSettings = {
				ASSETCATALOG_COMPILER_APPICON_NAME = AppIcon;
				CODE_SIGN_IDENTITY = "iPhone Developer";
				GCC_PREFIX_HEADER = Walking/Base/Others/Views/PrefixHeader.pch;
				INFOPLIST_FILE = Walking/Info.plist;
				IPHONEOS_DEPLOYMENT_TARGET = 8.0;
				LD_RUNPATH_SEARCH_PATHS = "$(inherited) @executable_path/Frameworks";
				PRODUCT_BUNDLE_IDENTIFIER = lanou3g.com.Walking;
				PRODUCT_NAME = "$(TARGET_NAME)";
				TARGETED_DEVICE_FAMILY = 1;
			};
			name = Debug;
		};
		79FAC4B51CC4E39F0068C093 /* Release */ = {
			isa = XCBuildConfiguration;
			baseConfigurationReference = BA9B7931D7FF7480C02BFBEF /* Pods.release.xcconfig */;
			buildSettings = {
				ASSETCATALOG_COMPILER_APPICON_NAME = AppIcon;
				CODE_SIGN_IDENTITY = "iPhone Developer";
				GCC_PREFIX_HEADER = Walking/Base/Others/Views/PrefixHeader.pch;
				INFOPLIST_FILE = Walking/Info.plist;
				IPHONEOS_DEPLOYMENT_TARGET = 8.0;
				LD_RUNPATH_SEARCH_PATHS = "$(inherited) @executable_path/Frameworks";
				PRODUCT_BUNDLE_IDENTIFIER = lanou3g.com.Walking;
				PRODUCT_NAME = "$(TARGET_NAME)";
				TARGETED_DEVICE_FAMILY = 1;
			};
			name = Release;
		};
		79FAC4B71CC4E39F0068C093 /* Debug */ = {
			isa = XCBuildConfiguration;
			buildSettings = {
				BUNDLE_LOADER = "$(TEST_HOST)";
				INFOPLIST_FILE = WalkingTests/Info.plist;
				LD_RUNPATH_SEARCH_PATHS = "$(inherited) @executable_path/Frameworks @loader_path/Frameworks";
				PRODUCT_BUNDLE_IDENTIFIER = lanou3g.com.WalkingTests;
				PRODUCT_NAME = "$(TARGET_NAME)";
				TEST_HOST = "$(BUILT_PRODUCTS_DIR)/Walking.app/Walking";
			};
			name = Debug;
		};
		79FAC4B81CC4E39F0068C093 /* Release */ = {
			isa = XCBuildConfiguration;
			buildSettings = {
				BUNDLE_LOADER = "$(TEST_HOST)";
				INFOPLIST_FILE = WalkingTests/Info.plist;
				LD_RUNPATH_SEARCH_PATHS = "$(inherited) @executable_path/Frameworks @loader_path/Frameworks";
				PRODUCT_BUNDLE_IDENTIFIER = lanou3g.com.WalkingTests;
				PRODUCT_NAME = "$(TARGET_NAME)";
				TEST_HOST = "$(BUILT_PRODUCTS_DIR)/Walking.app/Walking";
			};
			name = Release;
		};
		79FAC4BA1CC4E39F0068C093 /* Debug */ = {
			isa = XCBuildConfiguration;
			buildSettings = {
				INFOPLIST_FILE = WalkingUITests/Info.plist;
				LD_RUNPATH_SEARCH_PATHS = "$(inherited) @executable_path/Frameworks @loader_path/Frameworks";
				PRODUCT_BUNDLE_IDENTIFIER = lanou3g.com.WalkingUITests;
				PRODUCT_NAME = "$(TARGET_NAME)";
				TEST_TARGET_NAME = Walking;
				USES_XCTRUNNER = YES;
			};
			name = Debug;
		};
		79FAC4BB1CC4E39F0068C093 /* Release */ = {
			isa = XCBuildConfiguration;
			buildSettings = {
				INFOPLIST_FILE = WalkingUITests/Info.plist;
				LD_RUNPATH_SEARCH_PATHS = "$(inherited) @executable_path/Frameworks @loader_path/Frameworks";
				PRODUCT_BUNDLE_IDENTIFIER = lanou3g.com.WalkingUITests;
				PRODUCT_NAME = "$(TARGET_NAME)";
				TEST_TARGET_NAME = Walking;
				USES_XCTRUNNER = YES;
			};
			name = Release;
		};
/* End XCBuildConfiguration section */

/* Begin XCConfigurationList section */
		79FAC4811CC4E39F0068C093 /* Build configuration list for PBXProject "Walking" */ = {
			isa = XCConfigurationList;
			buildConfigurations = (
				79FAC4B11CC4E39F0068C093 /* Debug */,
				79FAC4B21CC4E39F0068C093 /* Release */,
			);
			defaultConfigurationIsVisible = 0;
			defaultConfigurationName = Release;
		};
		79FAC4B31CC4E39F0068C093 /* Build configuration list for PBXNativeTarget "Walking" */ = {
			isa = XCConfigurationList;
			buildConfigurations = (
				79FAC4B41CC4E39F0068C093 /* Debug */,
				79FAC4B51CC4E39F0068C093 /* Release */,
			);
			defaultConfigurationIsVisible = 0;
			defaultConfigurationName = Release;
		};
		79FAC4B61CC4E39F0068C093 /* Build configuration list for PBXNativeTarget "WalkingTests" */ = {
			isa = XCConfigurationList;
			buildConfigurations = (
				79FAC4B71CC4E39F0068C093 /* Debug */,
				79FAC4B81CC4E39F0068C093 /* Release */,
			);
			defaultConfigurationIsVisible = 0;
			defaultConfigurationName = Release;
		};
		79FAC4B91CC4E39F0068C093 /* Build configuration list for PBXNativeTarget "WalkingUITests" */ = {
			isa = XCConfigurationList;
			buildConfigurations = (
				79FAC4BA1CC4E39F0068C093 /* Debug */,
				79FAC4BB1CC4E39F0068C093 /* Release */,
			);
			defaultConfigurationIsVisible = 0;
			defaultConfigurationName = Release;
		};
/* End XCConfigurationList section */
	};
	rootObject = 79FAC47E1CC4E39F0068C093 /* Project object */;
}
