// !$*UTF8*$!
{
	archiveVersion = 1;
	classes = {
	};
	objectVersion = 46;
	objects = {

/* Begin PBXBuildFile section */
		7907618C1CC654020097EF89 /* WKWorldView.m in Sources */ = {isa = PBXBuildFile; fileRef = 7907618B1CC654020097EF89 /* WKWorldView.m */; };
		7907618F1CC654170097EF89 /* WKWorldListModel.m in Sources */ = {isa = PBXBuildFile; fileRef = 7907618E1CC654170097EF89 /* WKWorldListModel.m */; };
		790761921CC6544A0097EF89 /* WKNavigtionBar.m in Sources */ = {isa = PBXBuildFile; fileRef = 790761911CC6544A0097EF89 /* WKNavigtionBar.m */; };
		790761951CC6545E0097EF89 /* WKRecommendListModel.m in Sources */ = {isa = PBXBuildFile; fileRef = 790761941CC6545E0097EF89 /* WKRecommendListModel.m */; };
		790761981CC6546F0097EF89 /* WKRecommendView.m in Sources */ = {isa = PBXBuildFile; fileRef = 790761971CC6546F0097EF89 /* WKRecommendView.m */; };
		7907619D1CC65D890097EF89 /* UIBarButtonItem+WKExtension.m in Sources */ = {isa = PBXBuildFile; fileRef = 7907619C1CC65D890097EF89 /* UIBarButtonItem+WKExtension.m */; };
		790761A01CC66DF30097EF89 /* WKCollectionCell.m in Sources */ = {isa = PBXBuildFile; fileRef = 7907619F1CC66DF30097EF89 /* WKCollectionCell.m */; };
		790761A21CC66E0C0097EF89 /* WKCollectionCell.xib in Resources */ = {isa = PBXBuildFile; fileRef = 790761A11CC66E0C0097EF89 /* WKCollectionCell.xib */; };
		791C35DD1CC774DF00FFC596 /* WKMyCollectionViewController.m in Sources */ = {isa = PBXBuildFile; fileRef = 791C35DB1CC774DF00FFC596 /* WKMyCollectionViewController.m */; };
		791C35DE1CC774DF00FFC596 /* WKMyCollectionViewController.xib in Resources */ = {isa = PBXBuildFile; fileRef = 791C35DC1CC774DF00FFC596 /* WKMyCollectionViewController.xib */; };
		791C35E21CC7750E00FFC596 /* WKAboutUsViewController.m in Sources */ = {isa = PBXBuildFile; fileRef = 791C35E01CC7750E00FFC596 /* WKAboutUsViewController.m */; };
		791C35E31CC7750E00FFC596 /* WKAboutUsViewController.xib in Resources */ = {isa = PBXBuildFile; fileRef = 791C35E11CC7750E00FFC596 /* WKAboutUsViewController.xib */; };
		791C36291CC7BF0500FFC596 /* WKLoginAndRegistViewController.m in Sources */ = {isa = PBXBuildFile; fileRef = 791C36271CC7BF0500FFC596 /* WKLoginAndRegistViewController.m */; };
		791C362A1CC7BF0500FFC596 /* WKLoginAndRegistViewController.xib in Resources */ = {isa = PBXBuildFile; fileRef = 791C36281CC7BF0500FFC596 /* WKLoginAndRegistViewController.xib */; };
		793DBDC41CC6607A00A4E3CA /* WKMeHeadView.m in Sources */ = {isa = PBXBuildFile; fileRef = 793DBDC31CC6607A00A4E3CA /* WKMeHeadView.m */; };
		793DBDC61CC6609400A4E3CA /* WKMeHeadView.xib in Resources */ = {isa = PBXBuildFile; fileRef = 793DBDC51CC6609400A4E3CA /* WKMeHeadView.xib */; };
		79FAC48B1CC4E39F0068C093 /* main.m in Sources */ = {isa = PBXBuildFile; fileRef = 79FAC48A1CC4E39F0068C093 /* main.m */; };
		79FAC48E1CC4E39F0068C093 /* AppDelegate.m in Sources */ = {isa = PBXBuildFile; fileRef = 79FAC48D1CC4E39F0068C093 /* AppDelegate.m */; };
		79FAC4961CC4E39F0068C093 /* Assets.xcassets in Resources */ = {isa = PBXBuildFile; fileRef = 79FAC4951CC4E39F0068C093 /* Assets.xcassets */; };
		79FAC4991CC4E39F0068C093 /* LaunchScreen.storyboard in Resources */ = {isa = PBXBuildFile; fileRef = 79FAC4971CC4E39F0068C093 /* LaunchScreen.storyboard */; };
		79FAC4A41CC4E39F0068C093 /* WalkingTests.m in Sources */ = {isa = PBXBuildFile; fileRef = 79FAC4A31CC4E39F0068C093 /* WalkingTests.m */; };
		79FAC4AF1CC4E39F0068C093 /* WalkingUITests.m in Sources */ = {isa = PBXBuildFile; fileRef = 79FAC4AE1CC4E39F0068C093 /* WalkingUITests.m */; };
		79FAC4D41CC5328B0068C093 /* WKNavigationViewController.m in Sources */ = {isa = PBXBuildFile; fileRef = 79FAC4D31CC5328B0068C093 /* WKNavigationViewController.m */; };
		79FAC4D71CC5329A0068C093 /* WKTabBarViewController.m in Sources */ = {isa = PBXBuildFile; fileRef = 79FAC4D61CC5329A0068C093 /* WKTabBarViewController.m */; };
		79FAC4DB1CC533130068C093 /* WKRecommendViewController.m in Sources */ = {isa = PBXBuildFile; fileRef = 79FAC4D91CC533130068C093 /* WKRecommendViewController.m */; };
		79FAC4DC1CC533130068C093 /* WKRecommendViewController.xib in Resources */ = {isa = PBXBuildFile; fileRef = 79FAC4DA1CC533130068C093 /* WKRecommendViewController.xib */; };
		79FAC4E01CC533220068C093 /* WKWorldViewController.m in Sources */ = {isa = PBXBuildFile; fileRef = 79FAC4DE1CC533220068C093 /* WKWorldViewController.m */; };
		79FAC4E11CC533220068C093 /* WKWorldViewController.xib in Resources */ = {isa = PBXBuildFile; fileRef = 79FAC4DF1CC533220068C093 /* WKWorldViewController.xib */; };
		79FAC4E51CC533300068C093 /* WKMeViewController.m in Sources */ = {isa = PBXBuildFile; fileRef = 79FAC4E31CC533300068C093 /* WKMeViewController.m */; };
		79FAC4E61CC533300068C093 /* WKMeViewController.xib in Resources */ = {isa = PBXBuildFile; fileRef = 79FAC4E41CC533300068C093 /* WKMeViewController.xib */; };
/* End PBXBuildFile section */

/* Begin PBXContainerItemProxy section */
		79FAC4A01CC4E39F0068C093 /* PBXContainerItemProxy */ = {
			isa = PBXContainerItemProxy;
			containerPortal = 79FAC47E1CC4E39F0068C093 /* Project object */;
			proxyType = 1;
			remoteGlobalIDString = 79FAC4851CC4E39F0068C093;
			remoteInfo = Walking;
		};
		79FAC4AB1CC4E39F0068C093 /* PBXContainerItemProxy */ = {
			isa = PBXContainerItemProxy;
			containerPortal = 79FAC47E1CC4E39F0068C093 /* Project object */;
			proxyType = 1;
			remoteGlobalIDString = 79FAC4851CC4E39F0068C093;
			remoteInfo = Walking;
		};
/* End PBXContainerItemProxy section */

/* Begin PBXFileReference section */
		7907618A1CC654020097EF89 /* WKWorldView.h */ = {isa = PBXFileReference; fileEncoding = 4; lastKnownFileType = sourcecode.c.h; path = WKWorldView.h; sourceTree = "<group>"; };
		7907618B1CC654020097EF89 /* WKWorldView.m */ = {isa = PBXFileReference; fileEncoding = 4; lastKnownFileType = sourcecode.c.objc; path = WKWorldView.m; sourceTree = "<group>"; };
		7907618D1CC654170097EF89 /* WKWorldListModel.h */ = {isa = PBXFileReference; fileEncoding = 4; lastKnownFileType = sourcecode.c.h; path = WKWorldListModel.h; sourceTree = "<group>"; };
		7907618E1CC654170097EF89 /* WKWorldListModel.m */ = {isa = PBXFileReference; fileEncoding = 4; lastKnownFileType = sourcecode.c.objc; path = WKWorldListModel.m; sourceTree = "<group>"; };
		790761901CC6544A0097EF89 /* WKNavigtionBar.h */ = {isa = PBXFileReference; fileEncoding = 4; lastKnownFileType = sourcecode.c.h; path = WKNavigtionBar.h; sourceTree = "<group>"; };
		790761911CC6544A0097EF89 /* WKNavigtionBar.m */ = {isa = PBXFileReference; fileEncoding = 4; lastKnownFileType = sourcecode.c.objc; path = WKNavigtionBar.m; sourceTree = "<group>"; };
		790761931CC6545E0097EF89 /* WKRecommendListModel.h */ = {isa = PBXFileReference; fileEncoding = 4; lastKnownFileType = sourcecode.c.h; path = WKRecommendListModel.h; sourceTree = "<group>"; };
		790761941CC6545E0097EF89 /* WKRecommendListModel.m */ = {isa = PBXFileReference; fileEncoding = 4; lastKnownFileType = sourcecode.c.objc; path = WKRecommendListModel.m; sourceTree = "<group>"; };
		790761961CC6546F0097EF89 /* WKRecommendView.h */ = {isa = PBXFileReference; fileEncoding = 4; lastKnownFileType = sourcecode.c.h; path = WKRecommendView.h; sourceTree = "<group>"; };
		790761971CC6546F0097EF89 /* WKRecommendView.m */ = {isa = PBXFileReference; fileEncoding = 4; lastKnownFileType = sourcecode.c.objc; path = WKRecommendView.m; sourceTree = "<group>"; };
		7907619A1CC6579D0097EF89 /* PrefixHeader.pch */ = {isa = PBXFileReference; lastKnownFileType = sourcecode.c.h; path = PrefixHeader.pch; sourceTree = "<group>"; };
		7907619B1CC65D890097EF89 /* UIBarButtonItem+WKExtension.h */ = {isa = PBXFileReference; fileEncoding = 4; lastKnownFileType = sourcecode.c.h; path = "UIBarButtonItem+WKExtension.h"; sourceTree = "<group>"; };
		7907619C1CC65D890097EF89 /* UIBarButtonItem+WKExtension.m */ = {isa = PBXFileReference; fileEncoding = 4; lastKnownFileType = sourcecode.c.objc; path = "UIBarButtonItem+WKExtension.m"; sourceTree = "<group>"; };
		7907619E1CC66DF30097EF89 /* WKCollectionCell.h */ = {isa = PBXFileReference; fileEncoding = 4; lastKnownFileType = sourcecode.c.h; path = WKCollectionCell.h; sourceTree = "<group>"; };
		7907619F1CC66DF30097EF89 /* WKCollectionCell.m */ = {isa = PBXFileReference; fileEncoding = 4; lastKnownFileType = sourcecode.c.objc; path = WKCollectionCell.m; sourceTree = "<group>"; };
		790761A11CC66E0C0097EF89 /* WKCollectionCell.xib */ = {isa = PBXFileReference; fileEncoding = 4; lastKnownFileType = file.xib; path = WKCollectionCell.xib; sourceTree = "<group>"; };
		791C35DA1CC774DF00FFC596 /* WKMyCollectionViewController.h */ = {isa = PBXFileReference; fileEncoding = 4; lastKnownFileType = sourcecode.c.h; path = WKMyCollectionViewController.h; sourceTree = "<group>"; };
		791C35DB1CC774DF00FFC596 /* WKMyCollectionViewController.m */ = {isa = PBXFileReference; fileEncoding = 4; lastKnownFileType = sourcecode.c.objc; path = WKMyCollectionViewController.m; sourceTree = "<group>"; };
		791C35DC1CC774DF00FFC596 /* WKMyCollectionViewController.xib */ = {isa = PBXFileReference; fileEncoding = 4; lastKnownFileType = file.xib; path = WKMyCollectionViewController.xib; sourceTree = "<group>"; };
		791C35DF1CC7750E00FFC596 /* WKAboutUsViewController.h */ = {isa = PBXFileReference; fileEncoding = 4; lastKnownFileType = sourcecode.c.h; path = WKAboutUsViewController.h; sourceTree = "<group>"; };
		791C35E01CC7750E00FFC596 /* WKAboutUsViewController.m */ = {isa = PBXFileReference; fileEncoding = 4; lastKnownFileType = sourcecode.c.objc; path = WKAboutUsViewController.m; sourceTree = "<group>"; };
		791C35E11CC7750E00FFC596 /* WKAboutUsViewController.xib */ = {isa = PBXFileReference; fileEncoding = 4; lastKnownFileType = file.xib; path = WKAboutUsViewController.xib; sourceTree = "<group>"; };
		791C36261CC7BF0500FFC596 /* WKLoginAndRegistViewController.h */ = {isa = PBXFileReference; fileEncoding = 4; lastKnownFileType = sourcecode.c.h; path = WKLoginAndRegistViewController.h; sourceTree = "<group>"; };
		791C36271CC7BF0500FFC596 /* WKLoginAndRegistViewController.m */ = {isa = PBXFileReference; fileEncoding = 4; lastKnownFileType = sourcecode.c.objc; path = WKLoginAndRegistViewController.m; sourceTree = "<group>"; };
		791C36281CC7BF0500FFC596 /* WKLoginAndRegistViewController.xib */ = {isa = PBXFileReference; fileEncoding = 4; lastKnownFileType = file.xib; path = WKLoginAndRegistViewController.xib; sourceTree = "<group>"; };
		793DBDC21CC6607A00A4E3CA /* WKMeHeadView.h */ = {isa = PBXFileReference; fileEncoding = 4; lastKnownFileType = sourcecode.c.h; path = WKMeHeadView.h; sourceTree = SOURCE_ROOT; };
		793DBDC31CC6607A00A4E3CA /* WKMeHeadView.m */ = {isa = PBXFileReference; fileEncoding = 4; lastKnownFileType = sourcecode.c.objc; path = WKMeHeadView.m; sourceTree = SOURCE_ROOT; };
		793DBDC51CC6609400A4E3CA /* WKMeHeadView.xib */ = {isa = PBXFileReference; fileEncoding = 4; lastKnownFileType = file.xib; path = WKMeHeadView.xib; sourceTree = "<group>"; };
		79FAC4861CC4E39F0068C093 /* Walking.app */ = {isa = PBXFileReference; explicitFileType = wrapper.application; includeInIndex = 0; path = Walking.app; sourceTree = BUILT_PRODUCTS_DIR; };
		79FAC48A1CC4E39F0068C093 /* main.m */ = {isa = PBXFileReference; lastKnownFileType = sourcecode.c.objc; path = main.m; sourceTree = "<group>"; };
		79FAC48C1CC4E39F0068C093 /* AppDelegate.h */ = {isa = PBXFileReference; lastKnownFileType = sourcecode.c.h; name = AppDelegate.h; path = ../../../AppDelegate.h; sourceTree = "<group>"; };
		79FAC48D1CC4E39F0068C093 /* AppDelegate.m */ = {isa = PBXFileReference; lastKnownFileType = sourcecode.c.objc; name = AppDelegate.m; path = ../../../AppDelegate.m; sourceTree = "<group>"; };
		79FAC4951CC4E39F0068C093 /* Assets.xcassets */ = {isa = PBXFileReference; lastKnownFileType = folder.assetcatalog; path = Assets.xcassets; sourceTree = "<group>"; };
		79FAC4981CC4E39F0068C093 /* Base */ = {isa = PBXFileReference; lastKnownFileType = file.storyboard; name = Base; path = Base.lproj/LaunchScreen.storyboard; sourceTree = "<group>"; };
		79FAC49A1CC4E39F0068C093 /* Info.plist */ = {isa = PBXFileReference; lastKnownFileType = text.plist.xml; path = Info.plist; sourceTree = "<group>"; };
		79FAC49F1CC4E39F0068C093 /* WalkingTests.xctest */ = {isa = PBXFileReference; explicitFileType = wrapper.cfbundle; includeInIndex = 0; path = WalkingTests.xctest; sourceTree = BUILT_PRODUCTS_DIR; };
		79FAC4A31CC4E39F0068C093 /* WalkingTests.m */ = {isa = PBXFileReference; lastKnownFileType = sourcecode.c.objc; path = WalkingTests.m; sourceTree = "<group>"; };
		79FAC4A51CC4E39F0068C093 /* Info.plist */ = {isa = PBXFileReference; lastKnownFileType = text.plist.xml; path = Info.plist; sourceTree = "<group>"; };
		79FAC4AA1CC4E39F0068C093 /* WalkingUITests.xctest */ = {isa = PBXFileReference; explicitFileType = wrapper.cfbundle; includeInIndex = 0; path = WalkingUITests.xctest; sourceTree = BUILT_PRODUCTS_DIR; };
		79FAC4AE1CC4E39F0068C093 /* WalkingUITests.m */ = {isa = PBXFileReference; lastKnownFileType = sourcecode.c.objc; path = WalkingUITests.m; sourceTree = "<group>"; };
		79FAC4B01CC4E39F0068C093 /* Info.plist */ = {isa = PBXFileReference; lastKnownFileType = text.plist.xml; path = Info.plist; sourceTree = "<group>"; };
		79FAC4D21CC5328B0068C093 /* WKNavigationViewController.h */ = {isa = PBXFileReference; fileEncoding = 4; lastKnownFileType = sourcecode.c.h; path = WKNavigationViewController.h; sourceTree = "<group>"; };
		79FAC4D31CC5328B0068C093 /* WKNavigationViewController.m */ = {isa = PBXFileReference; fileEncoding = 4; lastKnownFileType = sourcecode.c.objc; path = WKNavigationViewController.m; sourceTree = "<group>"; };
		79FAC4D51CC5329A0068C093 /* WKTabBarViewController.h */ = {isa = PBXFileReference; fileEncoding = 4; lastKnownFileType = sourcecode.c.h; path = WKTabBarViewController.h; sourceTree = "<group>"; };
		79FAC4D61CC5329A0068C093 /* WKTabBarViewController.m */ = {isa = PBXFileReference; fileEncoding = 4; lastKnownFileType = sourcecode.c.objc; path = WKTabBarViewController.m; sourceTree = "<group>"; };
		79FAC4D81CC533130068C093 /* WKRecommendViewController.h */ = {isa = PBXFileReference; fileEncoding = 4; lastKnownFileType = sourcecode.c.h; path = WKRecommendViewController.h; sourceTree = "<group>"; };
		79FAC4D91CC533130068C093 /* WKRecommendViewController.m */ = {isa = PBXFileReference; fileEncoding = 4; lastKnownFileType = sourcecode.c.objc; path = WKRecommendViewController.m; sourceTree = "<group>"; };
		79FAC4DA1CC533130068C093 /* WKRecommendViewController.xib */ = {isa = PBXFileReference; fileEncoding = 4; lastKnownFileType = file.xib; path = WKRecommendViewController.xib; sourceTree = "<group>"; };
		79FAC4DD1CC533220068C093 /* WKWorldViewController.h */ = {isa = PBXFileReference; fileEncoding = 4; lastKnownFileType = sourcecode.c.h; path = WKWorldViewController.h; sourceTree = "<group>"; };
		79FAC4DE1CC533220068C093 /* WKWorldViewController.m */ = {isa = PBXFileReference; fileEncoding = 4; lastKnownFileType = sourcecode.c.objc; path = WKWorldViewController.m; sourceTree = "<group>"; };
		79FAC4DF1CC533220068C093 /* WKWorldViewController.xib */ = {isa = PBXFileReference; fileEncoding = 4; lastKnownFileType = file.xib; path = WKWorldViewController.xib; sourceTree = "<group>"; };
		79FAC4E21CC533300068C093 /* WKMeViewController.h */ = {isa = PBXFileReference; fileEncoding = 4; lastKnownFileType = sourcecode.c.h; path = WKMeViewController.h; sourceTree = "<group>"; };
		79FAC4E31CC533300068C093 /* WKMeViewController.m */ = {isa = PBXFileReference; fileEncoding = 4; lastKnownFileType = sourcecode.c.objc; path = WKMeViewController.m; sourceTree = "<group>"; };
		79FAC4E41CC533300068C093 /* WKMeViewController.xib */ = {isa = PBXFileReference; fileEncoding = 4; lastKnownFileType = file.xib; path = WKMeViewController.xib; sourceTree = "<group>"; };
/* End PBXFileReference section */

/* Begin PBXFrameworksBuildPhase section */
		79FAC4831CC4E39F0068C093 /* Frameworks */ = {
			isa = PBXFrameworksBuildPhase;
			buildActionMask = 2147483647;
			files = (
			);
			runOnlyForDeploymentPostprocessing = 0;
		};
		79FAC49C1CC4E39F0068C093 /* Frameworks */ = {
			isa = PBXFrameworksBuildPhase;
			buildActionMask = 2147483647;
			files = (
			);
			runOnlyForDeploymentPostprocessing = 0;
		};
		79FAC4A71CC4E39F0068C093 /* Frameworks */ = {
			isa = PBXFrameworksBuildPhase;
			buildActionMask = 2147483647;
			files = (
			);
			runOnlyForDeploymentPostprocessing = 0;
		};
/* End PBXFrameworksBuildPhase section */

/* Begin PBXGroup section */
		79FAC47D1CC4E39F0068C093 = {
			isa = PBXGroup;
			children = (
				79FAC4881CC4E39F0068C093 /* Walking */,
				79FAC4A21CC4E39F0068C093 /* WalkingTests */,
				79FAC4AD1CC4E39F0068C093 /* WalkingUITests */,
				79FAC4871CC4E39F0068C093 /* Products */,
			);
			sourceTree = "<group>";
		};
		79FAC4871CC4E39F0068C093 /* Products */ = {
			isa = PBXGroup;
			children = (
				79FAC4861CC4E39F0068C093 /* Walking.app */,
				79FAC49F1CC4E39F0068C093 /* WalkingTests.xctest */,
				79FAC4AA1CC4E39F0068C093 /* WalkingUITests.xctest */,
			);
			name = Products;
			sourceTree = "<group>";
		};
		79FAC4881CC4E39F0068C093 /* Walking */ = {
			isa = PBXGroup;
			children = (
				79FAC4BC1CC5303D0068C093 /* Base */,
				79FAC4891CC4E39F0068C093 /* Supporting Files */,
			);
			path = Walking;
			sourceTree = "<group>";
		};
		79FAC4891CC4E39F0068C093 /* Supporting Files */ = {
			isa = PBXGroup;
			children = (
				79FAC4951CC4E39F0068C093 /* Assets.xcassets */,
				79FAC4971CC4E39F0068C093 /* LaunchScreen.storyboard */,
				79FAC49A1CC4E39F0068C093 /* Info.plist */,
				79FAC48A1CC4E39F0068C093 /* main.m */,
			);
			name = "Supporting Files";
			sourceTree = "<group>";
		};
		79FAC4A21CC4E39F0068C093 /* WalkingTests */ = {
			isa = PBXGroup;
			children = (
				79FAC4A31CC4E39F0068C093 /* WalkingTests.m */,
				79FAC4A51CC4E39F0068C093 /* Info.plist */,
			);
			path = WalkingTests;
			sourceTree = "<group>";
		};
		79FAC4AD1CC4E39F0068C093 /* WalkingUITests */ = {
			isa = PBXGroup;
			children = (
				79FAC4AE1CC4E39F0068C093 /* WalkingUITests.m */,
				79FAC4B01CC4E39F0068C093 /* Info.plist */,
			);
			path = WalkingUITests;
			sourceTree = "<group>";
		};
		79FAC4BC1CC5303D0068C093 /* Base */ = {
			isa = PBXGroup;
			children = (
				79FAC4C11CC5303D0068C093 /* Others */,
				79FAC4C41CC5303D0068C093 /* Recommend */,
				79FAC4C81CC5303D0068C093 /* World */,
				79FAC4BD1CC5303D0068C093 /* Me */,
			);
			path = Base;
			sourceTree = "<group>";
		};
		79FAC4BD1CC5303D0068C093 /* Me */ = {
			isa = PBXGroup;
			children = (
				79FAC4BE1CC5303D0068C093 /* Models */,
				79FAC4BF1CC5303D0068C093 /* ViewControllers */,
				79FAC4C01CC5303D0068C093 /* Views */,
			);
			path = Me;
			sourceTree = "<group>";
		};
		79FAC4BE1CC5303D0068C093 /* Models */ = {
			isa = PBXGroup;
			children = (
			);
			path = Models;
			sourceTree = "<group>";
		};
		79FAC4BF1CC5303D0068C093 /* ViewControllers */ = {
			isa = PBXGroup;
			children = (
				79FAC4E21CC533300068C093 /* WKMeViewController.h */,
				79FAC4E31CC533300068C093 /* WKMeViewController.m */,
				79FAC4E41CC533300068C093 /* WKMeViewController.xib */,
				791C35DA1CC774DF00FFC596 /* WKMyCollectionViewController.h */,
				791C35DB1CC774DF00FFC596 /* WKMyCollectionViewController.m */,
				791C35DC1CC774DF00FFC596 /* WKMyCollectionViewController.xib */,
				791C35DF1CC7750E00FFC596 /* WKAboutUsViewController.h */,
				791C35E01CC7750E00FFC596 /* WKAboutUsViewController.m */,
				791C35E11CC7750E00FFC596 /* WKAboutUsViewController.xib */,
				791C36261CC7BF0500FFC596 /* WKLoginAndRegistViewController.h */,
				791C36271CC7BF0500FFC596 /* WKLoginAndRegistViewController.m */,
				791C36281CC7BF0500FFC596 /* WKLoginAndRegistViewController.xib */,
			);
			path = ViewControllers;
			sourceTree = "<group>";
		};
		79FAC4C01CC5303D0068C093 /* Views */ = {
			isa = PBXGroup;
			children = (
				79FAC48C1CC4E39F0068C093 /* AppDelegate.h */,
				79FAC48D1CC4E39F0068C093 /* AppDelegate.m */,
				793DBDC21CC6607A00A4E3CA /* WKMeHeadView.h */,
				793DBDC31CC6607A00A4E3CA /* WKMeHeadView.m */,
				793DBDC51CC6609400A4E3CA /* WKMeHeadView.xib */,
			);
			path = Views;
			sourceTree = "<group>";
		};
		79FAC4C11CC5303D0068C093 /* Others */ = {
			isa = PBXGroup;
			children = (
				79FAC4C21CC5303D0068C093 /* ViewControllers */,
				79FAC4C31CC5303D0068C093 /* Views */,
			);
			path = Others;
			sourceTree = "<group>";
		};
		79FAC4C21CC5303D0068C093 /* ViewControllers */ = {
			isa = PBXGroup;
			children = (
				79FAC4D21CC5328B0068C093 /* WKNavigationViewController.h */,
				79FAC4D31CC5328B0068C093 /* WKNavigationViewController.m */,
				79FAC4D51CC5329A0068C093 /* WKTabBarViewController.h */,
				79FAC4D61CC5329A0068C093 /* WKTabBarViewController.m */,
			);
			path = ViewControllers;
			sourceTree = "<group>";
		};
		79FAC4C31CC5303D0068C093 /* Views */ = {
			isa = PBXGroup;
			children = (
				790761901CC6544A0097EF89 /* WKNavigtionBar.h */,
				790761911CC6544A0097EF89 /* WKNavigtionBar.m */,
				7907619A1CC6579D0097EF89 /* PrefixHeader.pch */,
				7907619B1CC65D890097EF89 /* UIBarButtonItem+WKExtension.h */,
				7907619C1CC65D890097EF89 /* UIBarButtonItem+WKExtension.m */,
			);
			path = Views;
			sourceTree = "<group>";
		};
		79FAC4C41CC5303D0068C093 /* Recommend */ = {
			isa = PBXGroup;
			children = (
				79FAC4C51CC5303D0068C093 /* Models */,
				79FAC4C61CC5303D0068C093 /* ViewControllers */,
				79FAC4C71CC5303D0068C093 /* Views */,
			);
			path = Recommend;
			sourceTree = "<group>";
		};
		79FAC4C51CC5303D0068C093 /* Models */ = {
			isa = PBXGroup;
			children = (
				790761931CC6545E0097EF89 /* WKRecommendListModel.h */,
				790761941CC6545E0097EF89 /* WKRecommendListModel.m */,
			);
			path = Models;
			sourceTree = "<group>";
		};
		79FAC4C61CC5303D0068C093 /* ViewControllers */ = {
			isa = PBXGroup;
			children = (
				79FAC4D81CC533130068C093 /* WKRecommendViewController.h */,
				79FAC4D91CC533130068C093 /* WKRecommendViewController.m */,
				79FAC4DA1CC533130068C093 /* WKRecommendViewController.xib */,
			);
			path = ViewControllers;
			sourceTree = "<group>";
		};
		79FAC4C71CC5303D0068C093 /* Views */ = {
			isa = PBXGroup;
			children = (
				790761961CC6546F0097EF89 /* WKRecommendView.h */,
				790761971CC6546F0097EF89 /* WKRecommendView.m */,
			);
			path = Views;
			sourceTree = "<group>";
		};
		79FAC4C81CC5303D0068C093 /* World */ = {
			isa = PBXGroup;
			children = (
				79FAC4C91CC5303D0068C093 /* Models */,
				79FAC4CA1CC5303D0068C093 /* ViewControllers */,
				79FAC4CB1CC5303D0068C093 /* Views */,
			);
			path = World;
			sourceTree = "<group>";
		};
		79FAC4C91CC5303D0068C093 /* Models */ = {
			isa = PBXGroup;
			children = (
				7907618D1CC654170097EF89 /* WKWorldListModel.h */,
				7907618E1CC654170097EF89 /* WKWorldListModel.m */,
			);
			path = Models;
			sourceTree = "<group>";
		};
		79FAC4CA1CC5303D0068C093 /* ViewControllers */ = {
			isa = PBXGroup;
			children = (
				79FAC4DD1CC533220068C093 /* WKWorldViewController.h */,
				79FAC4DE1CC533220068C093 /* WKWorldViewController.m */,
				79FAC4DF1CC533220068C093 /* WKWorldViewController.xib */,
			);
			path = ViewControllers;
			sourceTree = "<group>";
		};
		79FAC4CB1CC5303D0068C093 /* Views */ = {
			isa = PBXGroup;
			children = (
				7907618A1CC654020097EF89 /* WKWorldView.h */,
				7907618B1CC654020097EF89 /* WKWorldView.m */,
				7907619E1CC66DF30097EF89 /* WKCollectionCell.h */,
				7907619F1CC66DF30097EF89 /* WKCollectionCell.m */,
				790761A11CC66E0C0097EF89 /* WKCollectionCell.xib */,
			);
			path = Views;
			sourceTree = "<group>";
		};
/* End PBXGroup section */

/* Begin PBXNativeTarget section */
		79FAC4851CC4E39F0068C093 /* Walking */ = {
			isa = PBXNativeTarget;
			buildConfigurationList = 79FAC4B31CC4E39F0068C093 /* Build configuration list for PBXNativeTarget "Walking" */;
			buildPhases = (
				79FAC4821CC4E39F0068C093 /* Sources */,
				79FAC4831CC4E39F0068C093 /* Frameworks */,
				79FAC4841CC4E39F0068C093 /* Resources */,
			);
			buildRules = (
			);
			dependencies = (
			);
			name = Walking;
			productName = Walking;
			productReference = 79FAC4861CC4E39F0068C093 /* Walking.app */;
			productType = "com.apple.product-type.application";
		};
		79FAC49E1CC4E39F0068C093 /* WalkingTests */ = {
			isa = PBXNativeTarget;
			buildConfigurationList = 79FAC4B61CC4E39F0068C093 /* Build configuration list for PBXNativeTarget "WalkingTests" */;
			buildPhases = (
				79FAC49B1CC4E39F0068C093 /* Sources */,
				79FAC49C1CC4E39F0068C093 /* Frameworks */,
				79FAC49D1CC4E39F0068C093 /* Resources */,
			);
			buildRules = (
			);
			dependencies = (
				79FAC4A11CC4E39F0068C093 /* PBXTargetDependency */,
			);
			name = WalkingTests;
			productName = WalkingTests;
			productReference = 79FAC49F1CC4E39F0068C093 /* WalkingTests.xctest */;
			productType = "com.apple.product-type.bundle.unit-test";
		};
		79FAC4A91CC4E39F0068C093 /* WalkingUITests */ = {
			isa = PBXNativeTarget;
			buildConfigurationList = 79FAC4B91CC4E39F0068C093 /* Build configuration list for PBXNativeTarget "WalkingUITests" */;
			buildPhases = (
				79FAC4A61CC4E39F0068C093 /* Sources */,
				79FAC4A71CC4E39F0068C093 /* Frameworks */,
				79FAC4A81CC4E39F0068C093 /* Resources */,
			);
			buildRules = (
			);
			dependencies = (
				79FAC4AC1CC4E39F0068C093 /* PBXTargetDependency */,
			);
			name = WalkingUITests;
			productName = WalkingUITests;
			productReference = 79FAC4AA1CC4E39F0068C093 /* WalkingUITests.xctest */;
			productType = "com.apple.product-type.bundle.ui-testing";
		};
/* End PBXNativeTarget section */

/* Begin PBXProject section */
		79FAC47E1CC4E39F0068C093 /* Project object */ = {
			isa = PBXProject;
			attributes = {
				CLASSPREFIX = WK;
				LastUpgradeCheck = 0720;
				ORGANIZATIONNAME = xqy;
				TargetAttributes = {
					79FAC4851CC4E39F0068C093 = {
						CreatedOnToolsVersion = 7.2;
					};
					79FAC49E1CC4E39F0068C093 = {
						CreatedOnToolsVersion = 7.2;
						DevelopmentTeam = X4P4XDTS83;
						TestTargetID = 79FAC4851CC4E39F0068C093;
					};
					79FAC4A91CC4E39F0068C093 = {
						CreatedOnToolsVersion = 7.2;
						DevelopmentTeam = X4P4XDTS83;
						TestTargetID = 79FAC4851CC4E39F0068C093;
					};
				};
			};
			buildConfigurationList = 79FAC4811CC4E39F0068C093 /* Build configuration list for PBXProject "Walking" */;
			compatibilityVersion = "Xcode 3.2";
			developmentRegion = English;
			hasScannedForEncodings = 0;
			knownRegions = (
				en,
				Base,
			);
			mainGroup = 79FAC47D1CC4E39F0068C093;
			productRefGroup = 79FAC4871CC4E39F0068C093 /* Products */;
			projectDirPath = "";
			projectRoot = "";
			targets = (
				79FAC4851CC4E39F0068C093 /* Walking */,
				79FAC49E1CC4E39F0068C093 /* WalkingTests */,
				79FAC4A91CC4E39F0068C093 /* WalkingUITests */,
			);
		};
/* End PBXProject section */

/* Begin PBXResourcesBuildPhase section */
		79FAC4841CC4E39F0068C093 /* Resources */ = {
			isa = PBXResourcesBuildPhase;
			buildActionMask = 2147483647;
			files = (
				791C35DE1CC774DF00FFC596 /* WKMyCollectionViewController.xib in Resources */,
				793DBDC61CC6609400A4E3CA /* WKMeHeadView.xib in Resources */,
				791C35E31CC7750E00FFC596 /* WKAboutUsViewController.xib in Resources */,
				79FAC4E61CC533300068C093 /* WKMeViewController.xib in Resources */,
				790761A21CC66E0C0097EF89 /* WKCollectionCell.xib in Resources */,
				79FAC4991CC4E39F0068C093 /* LaunchScreen.storyboard in Resources */,
				79FAC4DC1CC533130068C093 /* WKRecommendViewController.xib in Resources */,
				79FAC4961CC4E39F0068C093 /* Assets.xcassets in Resources */,
				791C362A1CC7BF0500FFC596 /* WKLoginAndRegistViewController.xib in Resources */,
				79FAC4E11CC533220068C093 /* WKWorldViewController.xib in Resources */,
			);
			runOnlyForDeploymentPostprocessing = 0;
		};
		79FAC49D1CC4E39F0068C093 /* Resources */ = {
			isa = PBXResourcesBuildPhase;
			buildActionMask = 2147483647;
			files = (
			);
			runOnlyForDeploymentPostprocessing = 0;
		};
		79FAC4A81CC4E39F0068C093 /* Resources */ = {
			isa = PBXResourcesBuildPhase;
			buildActionMask = 2147483647;
			files = (
			);
			runOnlyForDeploymentPostprocessing = 0;
		};
/* End PBXResourcesBuildPhase section */

/* Begin PBXSourcesBuildPhase section */
		79FAC4821CC4E39F0068C093 /* Sources */ = {
			isa = PBXSourcesBuildPhase;
			buildActionMask = 2147483647;
			files = (
				79FAC4D71CC5329A0068C093 /* WKTabBarViewController.m in Sources */,
				7907619D1CC65D890097EF89 /* UIBarButtonItem+WKExtension.m in Sources */,
				7907618F1CC654170097EF89 /* WKWorldListModel.m in Sources */,
				793DBDC41CC6607A00A4E3CA /* WKMeHeadView.m in Sources */,
				79FAC4E01CC533220068C093 /* WKWorldViewController.m in Sources */,
				790761981CC6546F0097EF89 /* WKRecommendView.m in Sources */,
				791C36291CC7BF0500FFC596 /* WKLoginAndRegistViewController.m in Sources */,
				790761951CC6545E0097EF89 /* WKRecommendListModel.m in Sources */,
				790761921CC6544A0097EF89 /* WKNavigtionBar.m in Sources */,
				790761A01CC66DF30097EF89 /* WKCollectionCell.m in Sources */,
				79FAC4E51CC533300068C093 /* WKMeViewController.m in Sources */,
				79FAC4D41CC5328B0068C093 /* WKNavigationViewController.m in Sources */,
				791C35E21CC7750E00FFC596 /* WKAboutUsViewController.m in Sources */,
				79FAC48E1CC4E39F0068C093 /* AppDelegate.m in Sources */,
				791C35DD1CC774DF00FFC596 /* WKMyCollectionViewController.m in Sources */,
				7907618C1CC654020097EF89 /* WKWorldView.m in Sources */,
				79FAC48B1CC4E39F0068C093 /* main.m in Sources */,
				79FAC4DB1CC533130068C093 /* WKRecommendViewController.m in Sources */,
			);
			runOnlyForDeploymentPostprocessing = 0;
		};
		79FAC49B1CC4E39F0068C093 /* Sources */ = {
			isa = PBXSourcesBuildPhase;
			buildActionMask = 2147483647;
			files = (
				79FAC4A41CC4E39F0068C093 /* WalkingTests.m in Sources */,
			);
			runOnlyForDeploymentPostprocessing = 0;
		};
		79FAC4A61CC4E39F0068C093 /* Sources */ = {
			isa = PBXSourcesBuildPhase;
			buildActionMask = 2147483647;
			files = (
				79FAC4AF1CC4E39F0068C093 /* WalkingUITests.m in Sources */,
			);
			runOnlyForDeploymentPostprocessing = 0;
		};
/* End PBXSourcesBuildPhase section */

/* Begin PBXTargetDependency section */
		79FAC4A11CC4E39F0068C093 /* PBXTargetDependency */ = {
			isa = PBXTargetDependency;
			target = 79FAC4851CC4E39F0068C093 /* Walking */;
			targetProxy = 79FAC4A01CC4E39F0068C093 /* PBXContainerItemProxy */;
		};
		79FAC4AC1CC4E39F0068C093 /* PBXTargetDependency */ = {
			isa = PBXTargetDependency;
			target = 79FAC4851CC4E39F0068C093 /* Walking */;
			targetProxy = 79FAC4AB1CC4E39F0068C093 /* PBXContainerItemProxy */;
		};
/* End PBXTargetDependency section */

/* Begin PBXVariantGroup section */
		79FAC4971CC4E39F0068C093 /* LaunchScreen.storyboard */ = {
			isa = PBXVariantGroup;
			children = (
				79FAC4981CC4E39F0068C093 /* Base */,
			);
			name = LaunchScreen.storyboard;
			sourceTree = "<group>";
		};
/* End PBXVariantGroup section */

/* Begin XCBuildConfiguration section */
		79FAC4B11CC4E39F0068C093 /* Debug */ = {
			isa = XCBuildConfiguration;
			buildSettings = {
				ALWAYS_SEARCH_USER_PATHS = NO;
				CLANG_CXX_LANGUAGE_STANDARD = "gnu++0x";
				CLANG_CXX_LIBRARY = "libc++";
				CLANG_ENABLE_MODULES = YES;
				CLANG_ENABLE_OBJC_ARC = YES;
				CLANG_WARN_BOOL_CONVERSION = YES;
				CLANG_WARN_CONSTANT_CONVERSION = YES;
				CLANG_WARN_DIRECT_OBJC_ISA_USAGE = YES_ERROR;
				CLANG_WARN_EMPTY_BODY = YES;
				CLANG_WARN_ENUM_CONVERSION = YES;
				CLANG_WARN_INT_CONVERSION = YES;
				CLANG_WARN_OBJC_ROOT_CLASS = YES_ERROR;
				CLANG_WARN_UNREACHABLE_CODE = YES;
				CLANG_WARN__DUPLICATE_METHOD_MATCH = YES;
				"CODE_SIGN_IDENTITY[sdk=iphoneos*]" = "iPhone Developer";
				COPY_PHASE_STRIP = NO;
				DEBUG_INFORMATION_FORMAT = dwarf;
				ENABLE_STRICT_OBJC_MSGSEND = YES;
				ENABLE_TESTABILITY = YES;
				GCC_C_LANGUAGE_STANDARD = gnu99;
				GCC_DYNAMIC_NO_PIC = NO;
				GCC_NO_COMMON_BLOCKS = YES;
				GCC_OPTIMIZATION_LEVEL = 0;
				GCC_PREPROCESSOR_DEFINITIONS = (
					"DEBUG=1",
					"$(inherited)",
				);
				GCC_WARN_64_TO_32_BIT_CONVERSION = YES;
				GCC_WARN_ABOUT_RETURN_TYPE = YES_ERROR;
				GCC_WARN_UNDECLARED_SELECTOR = YES;
				GCC_WARN_UNINITIALIZED_AUTOS = YES_AGGRESSIVE;
				GCC_WARN_UNUSED_FUNCTION = YES;
				GCC_WARN_UNUSED_VARIABLE = YES;
				IPHONEOS_DEPLOYMENT_TARGET = 9.2;
				MTL_ENABLE_DEBUG_INFO = YES;
				ONLY_ACTIVE_ARCH = YES;
				SDKROOT = iphoneos;
			};
			name = Debug;
		};
		79FAC4B21CC4E39F0068C093 /* Release */ = {
			isa = XCBuildConfiguration;
			buildSettings = {
				ALWAYS_SEARCH_USER_PATHS = NO;
				CLANG_CXX_LANGUAGE_STANDARD = "gnu++0x";
				CLANG_CXX_LIBRARY = "libc++";
				CLANG_ENABLE_MODULES = YES;
				CLANG_ENABLE_OBJC_ARC = YES;
				CLANG_WARN_BOOL_CONVERSION = YES;
				CLANG_WARN_CONSTANT_CONVERSION = YES;
				CLANG_WARN_DIRECT_OBJC_ISA_USAGE = YES_ERROR;
				CLANG_WARN_EMPTY_BODY = YES;
				CLANG_WARN_ENUM_CONVERSION = YES;
				CLANG_WARN_INT_CONVERSION = YES;
				CLANG_WARN_OBJC_ROOT_CLASS = YES_ERROR;
				CLANG_WARN_UNREACHABLE_CODE = YES;
				CLANG_WARN__DUPLICATE_METHOD_MATCH = YES;
				"CODE_SIGN_IDENTITY[sdk=iphoneos*]" = "iPhone Developer";
				COPY_PHASE_STRIP = NO;
				DEBUG_INFORMATION_FORMAT = "dwarf-with-dsym";
				ENABLE_NS_ASSERTIONS = NO;
				ENABLE_STRICT_OBJC_MSGSEND = YES;
				GCC_C_LANGUAGE_STANDARD = gnu99;
				GCC_NO_COMMON_BLOCKS = YES;
				GCC_WARN_64_TO_32_BIT_CONVERSION = YES;
				GCC_WARN_ABOUT_RETURN_TYPE = YES_ERROR;
				GCC_WARN_UNDECLARED_SELECTOR = YES;
				GCC_WARN_UNINITIALIZED_AUTOS = YES_AGGRESSIVE;
				GCC_WARN_UNUSED_FUNCTION = YES;
				GCC_WARN_UNUSED_VARIABLE = YES;
				IPHONEOS_DEPLOYMENT_TARGET = 9.2;
				MTL_ENABLE_DEBUG_INFO = NO;
				SDKROOT = iphoneos;
				VALIDATE_PRODUCT = YES;
			};
			name = Release;
		};
		79FAC4B41CC4E39F0068C093 /* Debug */ = {
			isa = XCBuildConfiguration;
			buildSettings = {
				ASSETCATALOG_COMPILER_APPICON_NAME = AppIcon;
				CODE_SIGN_IDENTITY = "iPhone Developer";
				GCC_PREFIX_HEADER = Walking/Base/Others/Views/PrefixHeader.pch;
				INFOPLIST_FILE = Walking/Info.plist;
				LD_RUNPATH_SEARCH_PATHS = "$(inherited) @executable_path/Frameworks";
				PRODUCT_BUNDLE_IDENTIFIER = lanou3g.com.Walking;
				PRODUCT_NAME = "$(TARGET_NAME)";
				TARGETED_DEVICE_FAMILY = 1;
			};
			name = Debug;
		};
		79FAC4B51CC4E39F0068C093 /* Release */ = {
			isa = XCBuildConfiguration;
			buildSettings = {
				ASSETCATALOG_COMPILER_APPICON_NAME = AppIcon;
				CODE_SIGN_IDENTITY = "iPhone Developer";
				GCC_PREFIX_HEADER = Walking/Base/Others/Views/PrefixHeader.pch;
				INFOPLIST_FILE = Walking/Info.plist;
				LD_RUNPATH_SEARCH_PATHS = "$(inherited) @executable_path/Frameworks";
				PRODUCT_BUNDLE_IDENTIFIER = lanou3g.com.Walking;
				PRODUCT_NAME = "$(TARGET_NAME)";
				TARGETED_DEVICE_FAMILY = 1;
			};
			name = Release;
		};
		79FAC4B71CC4E39F0068C093 /* Debug */ = {
			isa = XCBuildConfiguration;
			buildSettings = {
				BUNDLE_LOADER = "$(TEST_HOST)";
				INFOPLIST_FILE = WalkingTests/Info.plist;
				LD_RUNPATH_SEARCH_PATHS = "$(inherited) @executable_path/Frameworks @loader_path/Frameworks";
				PRODUCT_BUNDLE_IDENTIFIER = lanou3g.com.WalkingTests;
				PRODUCT_NAME = "$(TARGET_NAME)";
				TEST_HOST = "$(BUILT_PRODUCTS_DIR)/Walking.app/Walking";
			};
			name = Debug;
		};
		79FAC4B81CC4E39F0068C093 /* Release */ = {
			isa = XCBuildConfiguration;
			buildSettings = {
				BUNDLE_LOADER = "$(TEST_HOST)";
				INFOPLIST_FILE = WalkingTests/Info.plist;
				LD_RUNPATH_SEARCH_PATHS = "$(inherited) @executable_path/Frameworks @loader_path/Frameworks";
				PRODUCT_BUNDLE_IDENTIFIER = lanou3g.com.WalkingTests;
				PRODUCT_NAME = "$(TARGET_NAME)";
				TEST_HOST = "$(BUILT_PRODUCTS_DIR)/Walking.app/Walking";
			};
			name = Release;
		};
		79FAC4BA1CC4E39F0068C093 /* Debug */ = {
			isa = XCBuildConfiguration;
			buildSettings = {
				INFOPLIST_FILE = WalkingUITests/Info.plist;
				LD_RUNPATH_SEARCH_PATHS = "$(inherited) @executable_path/Frameworks @loader_path/Frameworks";
				PRODUCT_BUNDLE_IDENTIFIER = lanou3g.com.WalkingUITests;
				PRODUCT_NAME = "$(TARGET_NAME)";
				TEST_TARGET_NAME = Walking;
				USES_XCTRUNNER = YES;
			};
			name = Debug;
		};
		79FAC4BB1CC4E39F0068C093 /* Release */ = {
			isa = XCBuildConfiguration;
			buildSettings = {
				INFOPLIST_FILE = WalkingUITests/Info.plist;
				LD_RUNPATH_SEARCH_PATHS = "$(inherited) @executable_path/Frameworks @loader_path/Frameworks";
				PRODUCT_BUNDLE_IDENTIFIER = lanou3g.com.WalkingUITests;
				PRODUCT_NAME = "$(TARGET_NAME)";
				TEST_TARGET_NAME = Walking;
				USES_XCTRUNNER = YES;
			};
			name = Release;
		};
/* End XCBuildConfiguration section */

/* Begin XCConfigurationList section */
		79FAC4811CC4E39F0068C093 /* Build configuration list for PBXProject "Walking" */ = {
			isa = XCConfigurationList;
			buildConfigurations = (
				79FAC4B11CC4E39F0068C093 /* Debug */,
				79FAC4B21CC4E39F0068C093 /* Release */,
			);
			defaultConfigurationIsVisible = 0;
			defaultConfigurationName = Release;
		};
		79FAC4B31CC4E39F0068C093 /* Build configuration list for PBXNativeTarget "Walking" */ = {
			isa = XCConfigurationList;
			buildConfigurations = (
				79FAC4B41CC4E39F0068C093 /* Debug */,
				79FAC4B51CC4E39F0068C093 /* Release */,
			);
			defaultConfigurationIsVisible = 0;
			defaultConfigurationName = Release;
		};
		79FAC4B61CC4E39F0068C093 /* Build configuration list for PBXNativeTarget "WalkingTests" */ = {
			isa = XCConfigurationList;
			buildConfigurations = (
				79FAC4B71CC4E39F0068C093 /* Debug */,
				79FAC4B81CC4E39F0068C093 /* Release */,
			);
			defaultConfigurationIsVisible = 0;
			defaultConfigurationName = Release;
		};
		79FAC4B91CC4E39F0068C093 /* Build configuration list for PBXNativeTarget "WalkingUITests" */ = {
			isa = XCConfigurationList;
			buildConfigurations = (
				79FAC4BA1CC4E39F0068C093 /* Debug */,
				79FAC4BB1CC4E39F0068C093 /* Release */,
			);
			defaultConfigurationIsVisible = 0;
			defaultConfigurationName = Release;
		};
/* End XCConfigurationList section */
	};
	rootObject = 79FAC47E1CC4E39F0068C093 /* Project object */;
}
